// !$*UTF8*$!
{
	archiveVersion = 1;
	classes = {
	};
	objectVersion = 46;
	objects = {

/* Begin PBXBuildFile section */
		048754911D5C0BF200F680C5 /* XXEAccountManagerApi.m in Sources */ = {isa = PBXBuildFile; fileRef = 0487545F1D5C0BF200F680C5 /* XXEAccountManagerApi.m */; };
		048754921D5C0BF200F680C5 /* XXEFlowerbasketApi.m in Sources */ = {isa = PBXBuildFile; fileRef = 048754611D5C0BF200F680C5 /* XXEFlowerbasketApi.m */; };
		048754931D5C0BF200F680C5 /* XXEFlowerbasketSentHistoryApi.m in Sources */ = {isa = PBXBuildFile; fileRef = 048754631D5C0BF200F680C5 /* XXEFlowerbasketSentHistoryApi.m */; };
		048754941D5C0BF200F680C5 /* XXEFlowerbasketSubmitAccountInfoApi.m in Sources */ = {isa = PBXBuildFile; fileRef = 048754651D5C0BF200F680C5 /* XXEFlowerbasketSubmitAccountInfoApi.m */; };
		048754951D5C0BF200F680C5 /* XXEFlowerbasketWithdrawCashApi.m in Sources */ = {isa = PBXBuildFile; fileRef = 048754671D5C0BF200F680C5 /* XXEFlowerbasketWithdrawCashApi.m */; };
		048754971D5C0BF200F680C5 /* XXEAccountManagerViewController.m in Sources */ = {isa = PBXBuildFile; fileRef = 0487546C1D5C0BF200F680C5 /* XXEAccountManagerViewController.m */; };
		048754981D5C0BF200F680C5 /* XXEFlowerbasketSentHistoryViewController.m in Sources */ = {isa = PBXBuildFile; fileRef = 0487546E1D5C0BF200F680C5 /* XXEFlowerbasketSentHistoryViewController.m */; };
		048754991D5C0BF200F680C5 /* XXEFlowerbasketViewController.m in Sources */ = {isa = PBXBuildFile; fileRef = 048754701D5C0BF200F680C5 /* XXEFlowerbasketViewController.m */; };
		0487549A1D5C0BF200F680C5 /* XXEFlowerbasketWithdrawCashViewController.m in Sources */ = {isa = PBXBuildFile; fileRef = 048754721D5C0BF200F680C5 /* XXEFlowerbasketWithdrawCashViewController.m */; };
		0487549B1D5C0BF200F680C5 /* XXEFlowerbasketWithdrawCashViewController.xib in Resources */ = {isa = PBXBuildFile; fileRef = 048754731D5C0BF200F680C5 /* XXEFlowerbasketWithdrawCashViewController.xib */; };
		048754A21D5C0BF200F680C5 /* XXEAccountManagerModel.m in Sources */ = {isa = PBXBuildFile; fileRef = 048754821D5C0BF200F680C5 /* XXEAccountManagerModel.m */; };
		048754A31D5C0BF200F680C5 /* XXEFlowerbasketModel.m in Sources */ = {isa = PBXBuildFile; fileRef = 048754841D5C0BF200F680C5 /* XXEFlowerbasketModel.m */; };
		048754A41D5C0BF200F680C5 /* XXEFlowerbasketSentHistoryModel.m in Sources */ = {isa = PBXBuildFile; fileRef = 048754861D5C0BF200F680C5 /* XXEFlowerbasketSentHistoryModel.m */; };
		048754A51D5C0BF200F680C5 /* XXEAccountManagerTableViewCell.m in Sources */ = {isa = PBXBuildFile; fileRef = 048754891D5C0BF200F680C5 /* XXEAccountManagerTableViewCell.m */; };
		048754A61D5C0BF200F680C5 /* XXEAccountManagerTableViewCell.xib in Resources */ = {isa = PBXBuildFile; fileRef = 0487548A1D5C0BF200F680C5 /* XXEAccountManagerTableViewCell.xib */; };
		048754A71D5C0BF200F680C5 /* XXEFlowerbasketSentHistoryTableViewCell.m in Sources */ = {isa = PBXBuildFile; fileRef = 0487548C1D5C0BF200F680C5 /* XXEFlowerbasketSentHistoryTableViewCell.m */; };
		048754A81D5C0BF200F680C5 /* XXEFlowerbasketSentHistoryTableViewCell.xib in Resources */ = {isa = PBXBuildFile; fileRef = 0487548D1D5C0BF200F680C5 /* XXEFlowerbasketSentHistoryTableViewCell.xib */; };
		048754A91D5C0BF200F680C5 /* XXEFlowerbasketTableViewCell.m in Sources */ = {isa = PBXBuildFile; fileRef = 0487548F1D5C0BF200F680C5 /* XXEFlowerbasketTableViewCell.m */; };
		048754AA1D5C0BF200F680C5 /* XXEFlowerbasketTableViewCell.xib in Resources */ = {isa = PBXBuildFile; fileRef = 048754901D5C0BF200F680C5 /* XXEFlowerbasketTableViewCell.xib */; };
		048F586E1D5C1E1A002E4855 /* XXEFlowerbasketAddAccountViewController.m in Sources */ = {isa = PBXBuildFile; fileRef = 048F586C1D5C1E1A002E4855 /* XXEFlowerbasketAddAccountViewController.m */; };
		048F58721D5C271A002E4855 /* XXEFlowerbasketAddAccountApi.m in Sources */ = {isa = PBXBuildFile; fileRef = 048F58711D5C271A002E4855 /* XXEFlowerbasketAddAccountApi.m */; };
		048F587A1D5C5402002E4855 /* XXEXingCoinViewController.m in Sources */ = {isa = PBXBuildFile; fileRef = 048F58791D5C5402002E4855 /* XXEXingCoinViewController.m */; };
		048F587D1D5C6BDB002E4855 /* XXEXingCoinApi.m in Sources */ = {isa = PBXBuildFile; fileRef = 048F587C1D5C6BDB002E4855 /* XXEXingCoinApi.m */; };
		048F58801D5C7A3A002E4855 /* XXEXingCoinHistoryViewController.m in Sources */ = {isa = PBXBuildFile; fileRef = 048F587F1D5C7A3A002E4855 /* XXEXingCoinHistoryViewController.m */; };
		048F58831D5C7A62002E4855 /* XXEXingCoinHistoryModel.m in Sources */ = {isa = PBXBuildFile; fileRef = 048F58821D5C7A62002E4855 /* XXEXingCoinHistoryModel.m */; };
		048F58871D5C7A76002E4855 /* XXEXingCoinHistoryTableViewCell.m in Sources */ = {isa = PBXBuildFile; fileRef = 048F58851D5C7A76002E4855 /* XXEXingCoinHistoryTableViewCell.m */; };
		048F58881D5C7A76002E4855 /* XXEXingCoinHistoryTableViewCell.xib in Resources */ = {isa = PBXBuildFile; fileRef = 048F58861D5C7A76002E4855 /* XXEXingCoinHistoryTableViewCell.xib */; };
		048F588B1D5C7C27002E4855 /* XXEXingCoinHistoryApi.m in Sources */ = {isa = PBXBuildFile; fileRef = 048F588A1D5C7C27002E4855 /* XXEXingCoinHistoryApi.m */; };
		048F58931D5C967F002E4855 /* XXERedFlowerSentHistoryApi.m in Sources */ = {isa = PBXBuildFile; fileRef = 048F58921D5C967F002E4855 /* XXERedFlowerSentHistoryApi.m */; };
		048F58961D5C97CA002E4855 /* XXERedFlowerSentHistoryViewController.m in Sources */ = {isa = PBXBuildFile; fileRef = 048F58951D5C97CA002E4855 /* XXERedFlowerSentHistoryViewController.m */; };
		048F58991D5C9870002E4855 /* XXERedFlowerSentHistoryModel.m in Sources */ = {isa = PBXBuildFile; fileRef = 048F58981D5C9870002E4855 /* XXERedFlowerSentHistoryModel.m */; };
		048F589D1D5C9883002E4855 /* XXERedFlowerSentHistoryTableViewCell.m in Sources */ = {isa = PBXBuildFile; fileRef = 048F589B1D5C9883002E4855 /* XXERedFlowerSentHistoryTableViewCell.m */; };
		048F589E1D5C9883002E4855 /* XXERedFlowerSentHistoryTableViewCell.xib in Resources */ = {isa = PBXBuildFile; fileRef = 048F589C1D5C9883002E4855 /* XXERedFlowerSentHistoryTableViewCell.xib */; };
		9E28FC431D530EAD0003A208 /* XXELoginViewController.m in Sources */ = {isa = PBXBuildFile; fileRef = 9E28FC421D530EAD0003A208 /* XXELoginViewController.m */; };
		9E4813841D504D0900C614AC /* main.m in Sources */ = {isa = PBXBuildFile; fileRef = 9E4813831D504D0900C614AC /* main.m */; };
		9E4813871D504D0900C614AC /* AppDelegate.m in Sources */ = {isa = PBXBuildFile; fileRef = 9E4813861D504D0900C614AC /* AppDelegate.m */; };
		9E48138D1D504D0900C614AC /* Main.storyboard in Resources */ = {isa = PBXBuildFile; fileRef = 9E48138B1D504D0900C614AC /* Main.storyboard */; };
		9E48138F1D504D0900C614AC /* Assets.xcassets in Resources */ = {isa = PBXBuildFile; fileRef = 9E48138E1D504D0900C614AC /* Assets.xcassets */; };
		9E4813921D504D0900C614AC /* LaunchScreen.storyboard in Resources */ = {isa = PBXBuildFile; fileRef = 9E4813901D504D0900C614AC /* LaunchScreen.storyboard */; };
		9E48139D1D504D0900C614AC /* teacherTests.m in Sources */ = {isa = PBXBuildFile; fileRef = 9E48139C1D504D0900C614AC /* teacherTests.m */; };
		9E4813A81D504D0900C614AC /* teacherUITests.m in Sources */ = {isa = PBXBuildFile; fileRef = 9E4813A71D504D0900C614AC /* teacherUITests.m */; };
		9E4813D01D506BDE00C614AC /* XXEBaseViewController.m in Sources */ = {isa = PBXBuildFile; fileRef = 9E4813CF1D506BDE00C614AC /* XXEBaseViewController.m */; };
		9E4813D71D50722400C614AC /* XXETabBarControllerConfig.m in Sources */ = {isa = PBXBuildFile; fileRef = 9E4813D61D50722400C614AC /* XXETabBarControllerConfig.m */; };
		9E4813DA1D50783000C614AC /* XXEHomePageViewController.m in Sources */ = {isa = PBXBuildFile; fileRef = 9E4813D91D50783000C614AC /* XXEHomePageViewController.m */; };
		9E4813DD1D50784900C614AC /* XXEChatPageViewController.m in Sources */ = {isa = PBXBuildFile; fileRef = 9E4813DC1D50784900C614AC /* XXEChatPageViewController.m */; };
		9E4813E01D50787100C614AC /* XXEFriendCirclePageViewController.m in Sources */ = {isa = PBXBuildFile; fileRef = 9E4813DF1D50787100C614AC /* XXEFriendCirclePageViewController.m */; };
		9E4813E31D50788300C614AC /* XXEMySelfPageViewController.m in Sources */ = {isa = PBXBuildFile; fileRef = 9E4813E21D50788300C614AC /* XXEMySelfPageViewController.m */; };
		9E50F3F91D5AC11300FA6594 /* XXEUserInfo.m in Sources */ = {isa = PBXBuildFile; fileRef = 9E50F3F61D5AC11300FA6594 /* XXEUserInfo.m */; };
		9E50F3FC1D5ADC0A00FA6594 /* XXELoginApi.m in Sources */ = {isa = PBXBuildFile; fileRef = 9E50F3FB1D5ADC0A00FA6594 /* XXELoginApi.m */; };
		9E50F4001D5B0E9700FA6594 /* XXEHomePageModel.m in Sources */ = {isa = PBXBuildFile; fileRef = 9E50F3FF1D5B0E9700FA6594 /* XXEHomePageModel.m */; };
		9E50F4031D5B139400FA6594 /* XXEHomePageSchoolModel.m in Sources */ = {isa = PBXBuildFile; fileRef = 9E50F4021D5B139400FA6594 /* XXEHomePageSchoolModel.m */; };
		9E50F4061D5B13B400FA6594 /* XXEHomePageClassModel.m in Sources */ = {isa = PBXBuildFile; fileRef = 9E50F4051D5B13B400FA6594 /* XXEHomePageClassModel.m */; };
		9E50F4571D5B449800FA6594 /* XXETool.m in Sources */ = {isa = PBXBuildFile; fileRef = 9E50F4561D5B449800FA6594 /* XXETool.m */; };
		9E542DBC1D59C6A1002D7BC3 /* XXEHomePageBottomView.m in Sources */ = {isa = PBXBuildFile; fileRef = 9E542DBB1D59C6A1002D7BC3 /* XXEHomePageBottomView.m */; };
		9E6912F51D54341F0000E566 /* XXEStarImageViewController.m in Sources */ = {isa = PBXBuildFile; fileRef = 9E6912F41D54341F0000E566 /* XXEStarImageViewController.m */; };
		9E6912F81D5442AE0000E566 /* UIView+XXExtension.m in Sources */ = {isa = PBXBuildFile; fileRef = 9E6912F71D5442AE0000E566 /* UIView+XXExtension.m */; };
		9E7D89FD1D5818F60099BE78 /* XXERegisterViewController.m in Sources */ = {isa = PBXBuildFile; fileRef = 9E7D89FC1D5818F60099BE78 /* XXERegisterViewController.m */; };
		9E7D8A061D581A800099BE78 /* KTActionSheet.m in Sources */ = {isa = PBXBuildFile; fileRef = 9E7D89FF1D581A800099BE78 /* KTActionSheet.m */; };
		9E7D8A071D581A800099BE78 /* KTSheetCell.m in Sources */ = {isa = PBXBuildFile; fileRef = 9E7D8A011D581A800099BE78 /* KTSheetCell.m */; };
		9E7D8A081D581A800099BE78 /* KTSheetCell.xib in Resources */ = {isa = PBXBuildFile; fileRef = 9E7D8A021D581A800099BE78 /* KTSheetCell.xib */; };
		9E7D8A091D581A800099BE78 /* KTSheetView.m in Sources */ = {isa = PBXBuildFile; fileRef = 9E7D8A041D581A800099BE78 /* KTSheetView.m */; };
		9E7D8A0A1D581A800099BE78 /* KTSheetView.xib in Resources */ = {isa = PBXBuildFile; fileRef = 9E7D8A051D581A800099BE78 /* KTSheetView.xib */; };
		9E7D8A0D1D58576D0099BE78 /* UIButton+XXExtension.m in Sources */ = {isa = PBXBuildFile; fileRef = 9E7D8A0C1D58576D0099BE78 /* UIButton+XXExtension.m */; };
		9E7D8A111D585ED00099BE78 /* XXERegisterSecondViewController.m in Sources */ = {isa = PBXBuildFile; fileRef = 9E7D8A101D585ED00099BE78 /* XXERegisterSecondViewController.m */; };
		9E7D8A141D5872BE0099BE78 /* XXERegisterThreeViewController.m in Sources */ = {isa = PBXBuildFile; fileRef = 9E7D8A131D5872BE0099BE78 /* XXERegisterThreeViewController.m */; };
		9EB2E93F1D5889B9004809D3 /* UILabel+XXExtension.m in Sources */ = {isa = PBXBuildFile; fileRef = 9EB2E93E1D5889B9004809D3 /* UILabel+XXExtension.m */; };
		9EB2E9421D58934C004809D3 /* UITextField+XXExtension.m in Sources */ = {isa = PBXBuildFile; fileRef = 9EB2E9411D58934C004809D3 /* UITextField+XXExtension.m */; };
		9EB2E9451D58A319004809D3 /* XXERegisterFourViewController.m in Sources */ = {isa = PBXBuildFile; fileRef = 9EB2E9441D58A319004809D3 /* XXERegisterFourViewController.m */; };
		9ED146FC1D597D420049D2AA /* WJCommboxView.m in Sources */ = {isa = PBXBuildFile; fileRef = 9ED146FB1D597D420049D2AA /* WJCommboxView.m */; };
		9ED146FF1D597DB40049D2AA /* XXEHomePageHeaderView.m in Sources */ = {isa = PBXBuildFile; fileRef = 9ED146FE1D597DB40049D2AA /* XXEHomePageHeaderView.m */; };
		9ED147021D59A9BF0049D2AA /* ProgressView.m in Sources */ = {isa = PBXBuildFile; fileRef = 9ED147011D59A9BF0049D2AA /* ProgressView.m */; };
		9ED147061D59AC9B0049D2AA /* XXEHomePageApi.m in Sources */ = {isa = PBXBuildFile; fileRef = 9ED147051D59AC9B0049D2AA /* XXEHomePageApi.m */; };
		9ED147091D59B0BF0049D2AA /* XXEHomePageMiddleView.m in Sources */ = {isa = PBXBuildFile; fileRef = 9ED147081D59B0BF0049D2AA /* XXEHomePageMiddleView.m */; };
		9EFDC7F81D546089005556AF /* qqq_1_5.png in Resources */ = {isa = PBXBuildFile; fileRef = 9EFDC7F61D546089005556AF /* qqq_1_5.png */; };
		9EFDC7F91D546089005556AF /* qqq_2_5.png in Resources */ = {isa = PBXBuildFile; fileRef = 9EFDC7F71D546089005556AF /* qqq_2_5.png */; };
		9EFDC7FC1D5460E6005556AF /* qqq_3_5.png in Resources */ = {isa = PBXBuildFile; fileRef = 9EFDC7FA1D5460E6005556AF /* qqq_3_5.png */; };
		9EFDC7FD1D5460E6005556AF /* qqq_4_5.png in Resources */ = {isa = PBXBuildFile; fileRef = 9EFDC7FB1D5460E6005556AF /* qqq_4_5.png */; };
		9EFDC8061D548014005556AF /* XXENavigationViewController.m in Sources */ = {isa = PBXBuildFile; fileRef = 9EFDC8051D548014005556AF /* XXENavigationViewController.m */; };
		9EFDC80A1D54848A005556AF /* UIFont+XXExtension.m in Sources */ = {isa = PBXBuildFile; fileRef = 9EFDC8091D54848A005556AF /* UIFont+XXExtension.m */; };
		9EFDC8541D549DE1005556AF /* HyLoglnButton.m in Sources */ = {isa = PBXBuildFile; fileRef = 9EFDC8511D549DE1005556AF /* HyLoglnButton.m */; };
		9EFDC8551D549DE1005556AF /* SpinerLayer.m in Sources */ = {isa = PBXBuildFile; fileRef = 9EFDC8531D549DE1005556AF /* SpinerLayer.m */; };
		B67AF81ACAA2AAFDF9D38B5E /* libPods-teacher.a in Frameworks */ = {isa = PBXBuildFile; fileRef = FDD9FCB9592531AA204DA449 /* libPods-teacher.a */; };
/* End PBXBuildFile section */

/* Begin PBXContainerItemProxy section */
		9E4813991D504D0900C614AC /* PBXContainerItemProxy */ = {
			isa = PBXContainerItemProxy;
			containerPortal = 9E4813771D504D0900C614AC /* Project object */;
			proxyType = 1;
			remoteGlobalIDString = 9E48137E1D504D0900C614AC;
			remoteInfo = teacher;
		};
		9E4813A41D504D0900C614AC /* PBXContainerItemProxy */ = {
			isa = PBXContainerItemProxy;
			containerPortal = 9E4813771D504D0900C614AC /* Project object */;
			proxyType = 1;
			remoteGlobalIDString = 9E48137E1D504D0900C614AC;
			remoteInfo = teacher;
		};
/* End PBXContainerItemProxy section */

/* Begin PBXFileReference section */
		0487545E1D5C0BF200F680C5 /* XXEAccountManagerApi.h */ = {isa = PBXFileReference; fileEncoding = 4; lastKnownFileType = sourcecode.c.h; path = XXEAccountManagerApi.h; sourceTree = "<group>"; };
		0487545F1D5C0BF200F680C5 /* XXEAccountManagerApi.m */ = {isa = PBXFileReference; fileEncoding = 4; lastKnownFileType = sourcecode.c.objc; path = XXEAccountManagerApi.m; sourceTree = "<group>"; };
		048754601D5C0BF200F680C5 /* XXEFlowerbasketApi.h */ = {isa = PBXFileReference; fileEncoding = 4; lastKnownFileType = sourcecode.c.h; path = XXEFlowerbasketApi.h; sourceTree = "<group>"; };
		048754611D5C0BF200F680C5 /* XXEFlowerbasketApi.m */ = {isa = PBXFileReference; fileEncoding = 4; lastKnownFileType = sourcecode.c.objc; path = XXEFlowerbasketApi.m; sourceTree = "<group>"; };
		048754621D5C0BF200F680C5 /* XXEFlowerbasketSentHistoryApi.h */ = {isa = PBXFileReference; fileEncoding = 4; lastKnownFileType = sourcecode.c.h; path = XXEFlowerbasketSentHistoryApi.h; sourceTree = "<group>"; };
		048754631D5C0BF200F680C5 /* XXEFlowerbasketSentHistoryApi.m */ = {isa = PBXFileReference; fileEncoding = 4; lastKnownFileType = sourcecode.c.objc; path = XXEFlowerbasketSentHistoryApi.m; sourceTree = "<group>"; };
		048754641D5C0BF200F680C5 /* XXEFlowerbasketSubmitAccountInfoApi.h */ = {isa = PBXFileReference; fileEncoding = 4; lastKnownFileType = sourcecode.c.h; path = XXEFlowerbasketSubmitAccountInfoApi.h; sourceTree = "<group>"; };
		048754651D5C0BF200F680C5 /* XXEFlowerbasketSubmitAccountInfoApi.m */ = {isa = PBXFileReference; fileEncoding = 4; lastKnownFileType = sourcecode.c.objc; path = XXEFlowerbasketSubmitAccountInfoApi.m; sourceTree = "<group>"; };
		048754661D5C0BF200F680C5 /* XXEFlowerbasketWithdrawCashApi.h */ = {isa = PBXFileReference; fileEncoding = 4; lastKnownFileType = sourcecode.c.h; path = XXEFlowerbasketWithdrawCashApi.h; sourceTree = "<group>"; };
		048754671D5C0BF200F680C5 /* XXEFlowerbasketWithdrawCashApi.m */ = {isa = PBXFileReference; fileEncoding = 4; lastKnownFileType = sourcecode.c.objc; path = XXEFlowerbasketWithdrawCashApi.m; sourceTree = "<group>"; };
		0487546B1D5C0BF200F680C5 /* XXEAccountManagerViewController.h */ = {isa = PBXFileReference; fileEncoding = 4; lastKnownFileType = sourcecode.c.h; path = XXEAccountManagerViewController.h; sourceTree = "<group>"; };
		0487546C1D5C0BF200F680C5 /* XXEAccountManagerViewController.m */ = {isa = PBXFileReference; fileEncoding = 4; lastKnownFileType = sourcecode.c.objc; path = XXEAccountManagerViewController.m; sourceTree = "<group>"; };
		0487546D1D5C0BF200F680C5 /* XXEFlowerbasketSentHistoryViewController.h */ = {isa = PBXFileReference; fileEncoding = 4; lastKnownFileType = sourcecode.c.h; path = XXEFlowerbasketSentHistoryViewController.h; sourceTree = "<group>"; };
		0487546E1D5C0BF200F680C5 /* XXEFlowerbasketSentHistoryViewController.m */ = {isa = PBXFileReference; fileEncoding = 4; lastKnownFileType = sourcecode.c.objc; path = XXEFlowerbasketSentHistoryViewController.m; sourceTree = "<group>"; };
		0487546F1D5C0BF200F680C5 /* XXEFlowerbasketViewController.h */ = {isa = PBXFileReference; fileEncoding = 4; lastKnownFileType = sourcecode.c.h; path = XXEFlowerbasketViewController.h; sourceTree = "<group>"; };
		048754701D5C0BF200F680C5 /* XXEFlowerbasketViewController.m */ = {isa = PBXFileReference; fileEncoding = 4; lastKnownFileType = sourcecode.c.objc; path = XXEFlowerbasketViewController.m; sourceTree = "<group>"; };
		048754711D5C0BF200F680C5 /* XXEFlowerbasketWithdrawCashViewController.h */ = {isa = PBXFileReference; fileEncoding = 4; lastKnownFileType = sourcecode.c.h; path = XXEFlowerbasketWithdrawCashViewController.h; sourceTree = "<group>"; };
		048754721D5C0BF200F680C5 /* XXEFlowerbasketWithdrawCashViewController.m */ = {isa = PBXFileReference; fileEncoding = 4; lastKnownFileType = sourcecode.c.objc; path = XXEFlowerbasketWithdrawCashViewController.m; sourceTree = "<group>"; };
		048754731D5C0BF200F680C5 /* XXEFlowerbasketWithdrawCashViewController.xib */ = {isa = PBXFileReference; fileEncoding = 4; lastKnownFileType = file.xib; path = XXEFlowerbasketWithdrawCashViewController.xib; sourceTree = "<group>"; };
		048754811D5C0BF200F680C5 /* XXEAccountManagerModel.h */ = {isa = PBXFileReference; fileEncoding = 4; lastKnownFileType = sourcecode.c.h; path = XXEAccountManagerModel.h; sourceTree = "<group>"; };
		048754821D5C0BF200F680C5 /* XXEAccountManagerModel.m */ = {isa = PBXFileReference; fileEncoding = 4; lastKnownFileType = sourcecode.c.objc; path = XXEAccountManagerModel.m; sourceTree = "<group>"; };
		048754831D5C0BF200F680C5 /* XXEFlowerbasketModel.h */ = {isa = PBXFileReference; fileEncoding = 4; lastKnownFileType = sourcecode.c.h; path = XXEFlowerbasketModel.h; sourceTree = "<group>"; };
		048754841D5C0BF200F680C5 /* XXEFlowerbasketModel.m */ = {isa = PBXFileReference; fileEncoding = 4; lastKnownFileType = sourcecode.c.objc; path = XXEFlowerbasketModel.m; sourceTree = "<group>"; };
		048754851D5C0BF200F680C5 /* XXEFlowerbasketSentHistoryModel.h */ = {isa = PBXFileReference; fileEncoding = 4; lastKnownFileType = sourcecode.c.h; path = XXEFlowerbasketSentHistoryModel.h; sourceTree = "<group>"; };
		048754861D5C0BF200F680C5 /* XXEFlowerbasketSentHistoryModel.m */ = {isa = PBXFileReference; fileEncoding = 4; lastKnownFileType = sourcecode.c.objc; path = XXEFlowerbasketSentHistoryModel.m; sourceTree = "<group>"; };
		048754881D5C0BF200F680C5 /* XXEAccountManagerTableViewCell.h */ = {isa = PBXFileReference; fileEncoding = 4; lastKnownFileType = sourcecode.c.h; path = XXEAccountManagerTableViewCell.h; sourceTree = "<group>"; };
		048754891D5C0BF200F680C5 /* XXEAccountManagerTableViewCell.m */ = {isa = PBXFileReference; fileEncoding = 4; lastKnownFileType = sourcecode.c.objc; path = XXEAccountManagerTableViewCell.m; sourceTree = "<group>"; };
		0487548A1D5C0BF200F680C5 /* XXEAccountManagerTableViewCell.xib */ = {isa = PBXFileReference; fileEncoding = 4; lastKnownFileType = file.xib; path = XXEAccountManagerTableViewCell.xib; sourceTree = "<group>"; };
		0487548B1D5C0BF200F680C5 /* XXEFlowerbasketSentHistoryTableViewCell.h */ = {isa = PBXFileReference; fileEncoding = 4; lastKnownFileType = sourcecode.c.h; path = XXEFlowerbasketSentHistoryTableViewCell.h; sourceTree = "<group>"; };
		0487548C1D5C0BF200F680C5 /* XXEFlowerbasketSentHistoryTableViewCell.m */ = {isa = PBXFileReference; fileEncoding = 4; lastKnownFileType = sourcecode.c.objc; path = XXEFlowerbasketSentHistoryTableViewCell.m; sourceTree = "<group>"; };
		0487548D1D5C0BF200F680C5 /* XXEFlowerbasketSentHistoryTableViewCell.xib */ = {isa = PBXFileReference; fileEncoding = 4; lastKnownFileType = file.xib; path = XXEFlowerbasketSentHistoryTableViewCell.xib; sourceTree = "<group>"; };
		0487548E1D5C0BF200F680C5 /* XXEFlowerbasketTableViewCell.h */ = {isa = PBXFileReference; fileEncoding = 4; lastKnownFileType = sourcecode.c.h; path = XXEFlowerbasketTableViewCell.h; sourceTree = "<group>"; };
		0487548F1D5C0BF200F680C5 /* XXEFlowerbasketTableViewCell.m */ = {isa = PBXFileReference; fileEncoding = 4; lastKnownFileType = sourcecode.c.objc; path = XXEFlowerbasketTableViewCell.m; sourceTree = "<group>"; };
		048754901D5C0BF200F680C5 /* XXEFlowerbasketTableViewCell.xib */ = {isa = PBXFileReference; fileEncoding = 4; lastKnownFileType = file.xib; path = XXEFlowerbasketTableViewCell.xib; sourceTree = "<group>"; };
		048F586B1D5C1E1A002E4855 /* XXEFlowerbasketAddAccountViewController.h */ = {isa = PBXFileReference; fileEncoding = 4; lastKnownFileType = sourcecode.c.h; path = XXEFlowerbasketAddAccountViewController.h; sourceTree = "<group>"; };
		048F586C1D5C1E1A002E4855 /* XXEFlowerbasketAddAccountViewController.m */ = {isa = PBXFileReference; fileEncoding = 4; lastKnownFileType = sourcecode.c.objc; path = XXEFlowerbasketAddAccountViewController.m; sourceTree = "<group>"; };
		048F58701D5C271A002E4855 /* XXEFlowerbasketAddAccountApi.h */ = {isa = PBXFileReference; fileEncoding = 4; lastKnownFileType = sourcecode.c.h; path = XXEFlowerbasketAddAccountApi.h; sourceTree = "<group>"; };
		048F58711D5C271A002E4855 /* XXEFlowerbasketAddAccountApi.m */ = {isa = PBXFileReference; fileEncoding = 4; lastKnownFileType = sourcecode.c.objc; path = XXEFlowerbasketAddAccountApi.m; sourceTree = "<group>"; };
		048F58781D5C5402002E4855 /* XXEXingCoinViewController.h */ = {isa = PBXFileReference; fileEncoding = 4; lastKnownFileType = sourcecode.c.h; path = XXEXingCoinViewController.h; sourceTree = "<group>"; };
		048F58791D5C5402002E4855 /* XXEXingCoinViewController.m */ = {isa = PBXFileReference; fileEncoding = 4; lastKnownFileType = sourcecode.c.objc; path = XXEXingCoinViewController.m; sourceTree = "<group>"; };
		048F587B1D5C6BDB002E4855 /* XXEXingCoinApi.h */ = {isa = PBXFileReference; fileEncoding = 4; lastKnownFileType = sourcecode.c.h; path = XXEXingCoinApi.h; sourceTree = "<group>"; };
		048F587C1D5C6BDB002E4855 /* XXEXingCoinApi.m */ = {isa = PBXFileReference; fileEncoding = 4; lastKnownFileType = sourcecode.c.objc; path = XXEXingCoinApi.m; sourceTree = "<group>"; };
		048F587E1D5C7A3A002E4855 /* XXEXingCoinHistoryViewController.h */ = {isa = PBXFileReference; fileEncoding = 4; lastKnownFileType = sourcecode.c.h; path = XXEXingCoinHistoryViewController.h; sourceTree = "<group>"; };
		048F587F1D5C7A3A002E4855 /* XXEXingCoinHistoryViewController.m */ = {isa = PBXFileReference; fileEncoding = 4; lastKnownFileType = sourcecode.c.objc; path = XXEXingCoinHistoryViewController.m; sourceTree = "<group>"; };
		048F58811D5C7A62002E4855 /* XXEXingCoinHistoryModel.h */ = {isa = PBXFileReference; fileEncoding = 4; lastKnownFileType = sourcecode.c.h; path = XXEXingCoinHistoryModel.h; sourceTree = "<group>"; };
		048F58821D5C7A62002E4855 /* XXEXingCoinHistoryModel.m */ = {isa = PBXFileReference; fileEncoding = 4; lastKnownFileType = sourcecode.c.objc; path = XXEXingCoinHistoryModel.m; sourceTree = "<group>"; };
		048F58841D5C7A76002E4855 /* XXEXingCoinHistoryTableViewCell.h */ = {isa = PBXFileReference; fileEncoding = 4; lastKnownFileType = sourcecode.c.h; path = XXEXingCoinHistoryTableViewCell.h; sourceTree = "<group>"; };
		048F58851D5C7A76002E4855 /* XXEXingCoinHistoryTableViewCell.m */ = {isa = PBXFileReference; fileEncoding = 4; lastKnownFileType = sourcecode.c.objc; path = XXEXingCoinHistoryTableViewCell.m; sourceTree = "<group>"; };
		048F58861D5C7A76002E4855 /* XXEXingCoinHistoryTableViewCell.xib */ = {isa = PBXFileReference; fileEncoding = 4; lastKnownFileType = file.xib; path = XXEXingCoinHistoryTableViewCell.xib; sourceTree = "<group>"; };
		048F58891D5C7C27002E4855 /* XXEXingCoinHistoryApi.h */ = {isa = PBXFileReference; fileEncoding = 4; lastKnownFileType = sourcecode.c.h; path = XXEXingCoinHistoryApi.h; sourceTree = "<group>"; };
		048F588A1D5C7C27002E4855 /* XXEXingCoinHistoryApi.m */ = {isa = PBXFileReference; fileEncoding = 4; lastKnownFileType = sourcecode.c.objc; path = XXEXingCoinHistoryApi.m; sourceTree = "<group>"; };
		048F58911D5C967F002E4855 /* XXERedFlowerSentHistoryApi.h */ = {isa = PBXFileReference; fileEncoding = 4; lastKnownFileType = sourcecode.c.h; path = XXERedFlowerSentHistoryApi.h; sourceTree = "<group>"; };
		048F58921D5C967F002E4855 /* XXERedFlowerSentHistoryApi.m */ = {isa = PBXFileReference; fileEncoding = 4; lastKnownFileType = sourcecode.c.objc; path = XXERedFlowerSentHistoryApi.m; sourceTree = "<group>"; };
		048F58941D5C97CA002E4855 /* XXERedFlowerSentHistoryViewController.h */ = {isa = PBXFileReference; fileEncoding = 4; lastKnownFileType = sourcecode.c.h; path = XXERedFlowerSentHistoryViewController.h; sourceTree = "<group>"; };
		048F58951D5C97CA002E4855 /* XXERedFlowerSentHistoryViewController.m */ = {isa = PBXFileReference; fileEncoding = 4; lastKnownFileType = sourcecode.c.objc; path = XXERedFlowerSentHistoryViewController.m; sourceTree = "<group>"; };
		048F58971D5C9870002E4855 /* XXERedFlowerSentHistoryModel.h */ = {isa = PBXFileReference; fileEncoding = 4; lastKnownFileType = sourcecode.c.h; path = XXERedFlowerSentHistoryModel.h; sourceTree = "<group>"; };
		048F58981D5C9870002E4855 /* XXERedFlowerSentHistoryModel.m */ = {isa = PBXFileReference; fileEncoding = 4; lastKnownFileType = sourcecode.c.objc; path = XXERedFlowerSentHistoryModel.m; sourceTree = "<group>"; };
		048F589A1D5C9883002E4855 /* XXERedFlowerSentHistoryTableViewCell.h */ = {isa = PBXFileReference; fileEncoding = 4; lastKnownFileType = sourcecode.c.h; path = XXERedFlowerSentHistoryTableViewCell.h; sourceTree = "<group>"; };
		048F589B1D5C9883002E4855 /* XXERedFlowerSentHistoryTableViewCell.m */ = {isa = PBXFileReference; fileEncoding = 4; lastKnownFileType = sourcecode.c.objc; path = XXERedFlowerSentHistoryTableViewCell.m; sourceTree = "<group>"; };
		048F589C1D5C9883002E4855 /* XXERedFlowerSentHistoryTableViewCell.xib */ = {isa = PBXFileReference; fileEncoding = 4; lastKnownFileType = file.xib; path = XXERedFlowerSentHistoryTableViewCell.xib; sourceTree = "<group>"; };
		16EC2C4BB8E577B5CE2BABDD /* Pods-teacher.debug.xcconfig */ = {isa = PBXFileReference; includeInIndex = 1; lastKnownFileType = text.xcconfig; name = "Pods-teacher.debug.xcconfig"; path = "Pods/Target Support Files/Pods-teacher/Pods-teacher.debug.xcconfig"; sourceTree = "<group>"; };
		9E28FC411D530EAD0003A208 /* XXELoginViewController.h */ = {isa = PBXFileReference; fileEncoding = 4; lastKnownFileType = sourcecode.c.h; path = XXELoginViewController.h; sourceTree = "<group>"; };
		9E28FC421D530EAD0003A208 /* XXELoginViewController.m */ = {isa = PBXFileReference; fileEncoding = 4; lastKnownFileType = sourcecode.c.objc; path = XXELoginViewController.m; sourceTree = "<group>"; };
		9E48137F1D504D0900C614AC /* teacher.app */ = {isa = PBXFileReference; explicitFileType = wrapper.application; includeInIndex = 0; path = teacher.app; sourceTree = BUILT_PRODUCTS_DIR; };
		9E4813831D504D0900C614AC /* main.m */ = {isa = PBXFileReference; lastKnownFileType = sourcecode.c.objc; path = main.m; sourceTree = "<group>"; };
		9E4813851D504D0900C614AC /* AppDelegate.h */ = {isa = PBXFileReference; lastKnownFileType = sourcecode.c.h; path = AppDelegate.h; sourceTree = "<group>"; };
		9E4813861D504D0900C614AC /* AppDelegate.m */ = {isa = PBXFileReference; lastKnownFileType = sourcecode.c.objc; path = AppDelegate.m; sourceTree = "<group>"; };
		9E48138C1D504D0900C614AC /* Base */ = {isa = PBXFileReference; lastKnownFileType = file.storyboard; name = Base; path = Base.lproj/Main.storyboard; sourceTree = "<group>"; };
		9E48138E1D504D0900C614AC /* Assets.xcassets */ = {isa = PBXFileReference; lastKnownFileType = folder.assetcatalog; name = Assets.xcassets; path = ../Assets.xcassets; sourceTree = "<group>"; };
		9E4813911D504D0900C614AC /* Base */ = {isa = PBXFileReference; lastKnownFileType = file.storyboard; name = Base; path = Base.lproj/LaunchScreen.storyboard; sourceTree = "<group>"; };
		9E4813931D504D0900C614AC /* Info.plist */ = {isa = PBXFileReference; lastKnownFileType = text.plist.xml; name = Info.plist; path = ../Info.plist; sourceTree = "<group>"; };
		9E4813981D504D0900C614AC /* teacherTests.xctest */ = {isa = PBXFileReference; explicitFileType = wrapper.cfbundle; includeInIndex = 0; path = teacherTests.xctest; sourceTree = BUILT_PRODUCTS_DIR; };
		9E48139C1D504D0900C614AC /* teacherTests.m */ = {isa = PBXFileReference; lastKnownFileType = sourcecode.c.objc; path = teacherTests.m; sourceTree = "<group>"; };
		9E48139E1D504D0900C614AC /* Info.plist */ = {isa = PBXFileReference; lastKnownFileType = text.plist.xml; path = Info.plist; sourceTree = "<group>"; };
		9E4813A31D504D0900C614AC /* teacherUITests.xctest */ = {isa = PBXFileReference; explicitFileType = wrapper.cfbundle; includeInIndex = 0; path = teacherUITests.xctest; sourceTree = BUILT_PRODUCTS_DIR; };
		9E4813A71D504D0900C614AC /* teacherUITests.m */ = {isa = PBXFileReference; lastKnownFileType = sourcecode.c.objc; path = teacherUITests.m; sourceTree = "<group>"; };
		9E4813A91D504D0900C614AC /* Info.plist */ = {isa = PBXFileReference; lastKnownFileType = text.plist.xml; path = Info.plist; sourceTree = "<group>"; };
		9E4813CD1D506B1D00C614AC /* PrefixHeader.pch */ = {isa = PBXFileReference; fileEncoding = 4; lastKnownFileType = sourcecode.c.h; path = PrefixHeader.pch; sourceTree = "<group>"; };
		9E4813CE1D506BDE00C614AC /* XXEBaseViewController.h */ = {isa = PBXFileReference; fileEncoding = 4; lastKnownFileType = sourcecode.c.h; path = XXEBaseViewController.h; sourceTree = "<group>"; };
		9E4813CF1D506BDE00C614AC /* XXEBaseViewController.m */ = {isa = PBXFileReference; fileEncoding = 4; lastKnownFileType = sourcecode.c.objc; path = XXEBaseViewController.m; sourceTree = "<group>"; };
		9E4813D51D50722400C614AC /* XXETabBarControllerConfig.h */ = {isa = PBXFileReference; fileEncoding = 4; lastKnownFileType = sourcecode.c.h; path = XXETabBarControllerConfig.h; sourceTree = "<group>"; };
		9E4813D61D50722400C614AC /* XXETabBarControllerConfig.m */ = {isa = PBXFileReference; fileEncoding = 4; lastKnownFileType = sourcecode.c.objc; path = XXETabBarControllerConfig.m; sourceTree = "<group>"; };
		9E4813D81D50783000C614AC /* XXEHomePageViewController.h */ = {isa = PBXFileReference; fileEncoding = 4; lastKnownFileType = sourcecode.c.h; path = XXEHomePageViewController.h; sourceTree = "<group>"; };
		9E4813D91D50783000C614AC /* XXEHomePageViewController.m */ = {isa = PBXFileReference; fileEncoding = 4; lastKnownFileType = sourcecode.c.objc; path = XXEHomePageViewController.m; sourceTree = "<group>"; };
		9E4813DB1D50784900C614AC /* XXEChatPageViewController.h */ = {isa = PBXFileReference; fileEncoding = 4; lastKnownFileType = sourcecode.c.h; path = XXEChatPageViewController.h; sourceTree = "<group>"; };
		9E4813DC1D50784900C614AC /* XXEChatPageViewController.m */ = {isa = PBXFileReference; fileEncoding = 4; lastKnownFileType = sourcecode.c.objc; path = XXEChatPageViewController.m; sourceTree = "<group>"; };
		9E4813DE1D50787100C614AC /* XXEFriendCirclePageViewController.h */ = {isa = PBXFileReference; fileEncoding = 4; lastKnownFileType = sourcecode.c.h; path = XXEFriendCirclePageViewController.h; sourceTree = "<group>"; };
		9E4813DF1D50787100C614AC /* XXEFriendCirclePageViewController.m */ = {isa = PBXFileReference; fileEncoding = 4; lastKnownFileType = sourcecode.c.objc; path = XXEFriendCirclePageViewController.m; sourceTree = "<group>"; };
		9E4813E11D50788300C614AC /* XXEMySelfPageViewController.h */ = {isa = PBXFileReference; fileEncoding = 4; lastKnownFileType = sourcecode.c.h; path = XXEMySelfPageViewController.h; sourceTree = "<group>"; };
		9E4813E21D50788300C614AC /* XXEMySelfPageViewController.m */ = {isa = PBXFileReference; fileEncoding = 4; lastKnownFileType = sourcecode.c.objc; path = XXEMySelfPageViewController.m; sourceTree = "<group>"; };
		9E50F3F61D5AC11300FA6594 /* XXEUserInfo.m */ = {isa = PBXFileReference; fileEncoding = 4; lastKnownFileType = sourcecode.c.objc; path = XXEUserInfo.m; sourceTree = "<group>"; };
		9E50F3F71D5AC11300FA6594 /* XXEUserInfo.h */ = {isa = PBXFileReference; fileEncoding = 4; lastKnownFileType = sourcecode.c.h; path = XXEUserInfo.h; sourceTree = "<group>"; };
		9E50F3FA1D5ADC0A00FA6594 /* XXELoginApi.h */ = {isa = PBXFileReference; fileEncoding = 4; lastKnownFileType = sourcecode.c.h; path = XXELoginApi.h; sourceTree = "<group>"; };
		9E50F3FB1D5ADC0A00FA6594 /* XXELoginApi.m */ = {isa = PBXFileReference; fileEncoding = 4; lastKnownFileType = sourcecode.c.objc; path = XXELoginApi.m; sourceTree = "<group>"; };
		9E50F3FD1D5ADDF700FA6594 /* XXEHeaderApi.h */ = {isa = PBXFileReference; fileEncoding = 4; lastKnownFileType = sourcecode.c.h; path = XXEHeaderApi.h; sourceTree = "<group>"; };
		9E50F3FE1D5B0E9700FA6594 /* XXEHomePageModel.h */ = {isa = PBXFileReference; fileEncoding = 4; lastKnownFileType = sourcecode.c.h; path = XXEHomePageModel.h; sourceTree = "<group>"; };
		9E50F3FF1D5B0E9700FA6594 /* XXEHomePageModel.m */ = {isa = PBXFileReference; fileEncoding = 4; lastKnownFileType = sourcecode.c.objc; path = XXEHomePageModel.m; sourceTree = "<group>"; };
		9E50F4011D5B139400FA6594 /* XXEHomePageSchoolModel.h */ = {isa = PBXFileReference; fileEncoding = 4; lastKnownFileType = sourcecode.c.h; path = XXEHomePageSchoolModel.h; sourceTree = "<group>"; };
		9E50F4021D5B139400FA6594 /* XXEHomePageSchoolModel.m */ = {isa = PBXFileReference; fileEncoding = 4; lastKnownFileType = sourcecode.c.objc; path = XXEHomePageSchoolModel.m; sourceTree = "<group>"; };
		9E50F4041D5B13B400FA6594 /* XXEHomePageClassModel.h */ = {isa = PBXFileReference; fileEncoding = 4; lastKnownFileType = sourcecode.c.h; path = XXEHomePageClassModel.h; sourceTree = "<group>"; };
		9E50F4051D5B13B400FA6594 /* XXEHomePageClassModel.m */ = {isa = PBXFileReference; fileEncoding = 4; lastKnownFileType = sourcecode.c.objc; path = XXEHomePageClassModel.m; sourceTree = "<group>"; };
		9E50F4551D5B449100FA6594 /* XXETool.h */ = {isa = PBXFileReference; fileEncoding = 4; lastKnownFileType = sourcecode.c.h; path = XXETool.h; sourceTree = "<group>"; };
		9E50F4561D5B449800FA6594 /* XXETool.m */ = {isa = PBXFileReference; fileEncoding = 4; lastKnownFileType = sourcecode.c.objc; path = XXETool.m; sourceTree = "<group>"; };
		9E542DBA1D59C6A1002D7BC3 /* XXEHomePageBottomView.h */ = {isa = PBXFileReference; fileEncoding = 4; lastKnownFileType = sourcecode.c.h; path = XXEHomePageBottomView.h; sourceTree = "<group>"; };
		9E542DBB1D59C6A1002D7BC3 /* XXEHomePageBottomView.m */ = {isa = PBXFileReference; fileEncoding = 4; lastKnownFileType = sourcecode.c.objc; path = XXEHomePageBottomView.m; sourceTree = "<group>"; };
		9E6912F31D54341F0000E566 /* XXEStarImageViewController.h */ = {isa = PBXFileReference; fileEncoding = 4; lastKnownFileType = sourcecode.c.h; path = XXEStarImageViewController.h; sourceTree = "<group>"; };
		9E6912F41D54341F0000E566 /* XXEStarImageViewController.m */ = {isa = PBXFileReference; fileEncoding = 4; lastKnownFileType = sourcecode.c.objc; path = XXEStarImageViewController.m; sourceTree = "<group>"; };
		9E6912F61D5442AE0000E566 /* UIView+XXExtension.h */ = {isa = PBXFileReference; fileEncoding = 4; lastKnownFileType = sourcecode.c.h; path = "UIView+XXExtension.h"; sourceTree = "<group>"; };
		9E6912F71D5442AE0000E566 /* UIView+XXExtension.m */ = {isa = PBXFileReference; fileEncoding = 4; lastKnownFileType = sourcecode.c.objc; path = "UIView+XXExtension.m"; sourceTree = "<group>"; };
		9E7D89FB1D5818F60099BE78 /* XXERegisterViewController.h */ = {isa = PBXFileReference; fileEncoding = 4; lastKnownFileType = sourcecode.c.h; name = XXERegisterViewController.h; path = ../XXERegisterViewController.h; sourceTree = "<group>"; };
		9E7D89FC1D5818F60099BE78 /* XXERegisterViewController.m */ = {isa = PBXFileReference; fileEncoding = 4; lastKnownFileType = sourcecode.c.objc; name = XXERegisterViewController.m; path = ../XXERegisterViewController.m; sourceTree = "<group>"; };
		9E7D89FE1D581A800099BE78 /* KTActionSheet.h */ = {isa = PBXFileReference; fileEncoding = 4; lastKnownFileType = sourcecode.c.h; path = KTActionSheet.h; sourceTree = "<group>"; };
		9E7D89FF1D581A800099BE78 /* KTActionSheet.m */ = {isa = PBXFileReference; fileEncoding = 4; lastKnownFileType = sourcecode.c.objc; path = KTActionSheet.m; sourceTree = "<group>"; };
		9E7D8A001D581A800099BE78 /* KTSheetCell.h */ = {isa = PBXFileReference; fileEncoding = 4; lastKnownFileType = sourcecode.c.h; path = KTSheetCell.h; sourceTree = "<group>"; };
		9E7D8A011D581A800099BE78 /* KTSheetCell.m */ = {isa = PBXFileReference; fileEncoding = 4; lastKnownFileType = sourcecode.c.objc; path = KTSheetCell.m; sourceTree = "<group>"; };
		9E7D8A021D581A800099BE78 /* KTSheetCell.xib */ = {isa = PBXFileReference; fileEncoding = 4; lastKnownFileType = file.xib; path = KTSheetCell.xib; sourceTree = "<group>"; };
		9E7D8A031D581A800099BE78 /* KTSheetView.h */ = {isa = PBXFileReference; fileEncoding = 4; lastKnownFileType = sourcecode.c.h; path = KTSheetView.h; sourceTree = "<group>"; };
		9E7D8A041D581A800099BE78 /* KTSheetView.m */ = {isa = PBXFileReference; fileEncoding = 4; lastKnownFileType = sourcecode.c.objc; path = KTSheetView.m; sourceTree = "<group>"; };
		9E7D8A051D581A800099BE78 /* KTSheetView.xib */ = {isa = PBXFileReference; fileEncoding = 4; lastKnownFileType = file.xib; path = KTSheetView.xib; sourceTree = "<group>"; };
		9E7D8A0B1D58576D0099BE78 /* UIButton+XXExtension.h */ = {isa = PBXFileReference; fileEncoding = 4; lastKnownFileType = sourcecode.c.h; path = "UIButton+XXExtension.h"; sourceTree = "<group>"; };
		9E7D8A0C1D58576D0099BE78 /* UIButton+XXExtension.m */ = {isa = PBXFileReference; fileEncoding = 4; lastKnownFileType = sourcecode.c.objc; path = "UIButton+XXExtension.m"; sourceTree = "<group>"; };
		9E7D8A0F1D585ED00099BE78 /* XXERegisterSecondViewController.h */ = {isa = PBXFileReference; fileEncoding = 4; lastKnownFileType = sourcecode.c.h; path = XXERegisterSecondViewController.h; sourceTree = "<group>"; };
		9E7D8A101D585ED00099BE78 /* XXERegisterSecondViewController.m */ = {isa = PBXFileReference; fileEncoding = 4; lastKnownFileType = sourcecode.c.objc; path = XXERegisterSecondViewController.m; sourceTree = "<group>"; };
		9E7D8A121D5872BE0099BE78 /* XXERegisterThreeViewController.h */ = {isa = PBXFileReference; fileEncoding = 4; lastKnownFileType = sourcecode.c.h; path = XXERegisterThreeViewController.h; sourceTree = "<group>"; };
		9E7D8A131D5872BE0099BE78 /* XXERegisterThreeViewController.m */ = {isa = PBXFileReference; fileEncoding = 4; lastKnownFileType = sourcecode.c.objc; path = XXERegisterThreeViewController.m; sourceTree = "<group>"; };
		9EB2E93D1D5889B9004809D3 /* UILabel+XXExtension.h */ = {isa = PBXFileReference; fileEncoding = 4; lastKnownFileType = sourcecode.c.h; path = "UILabel+XXExtension.h"; sourceTree = "<group>"; };
		9EB2E93E1D5889B9004809D3 /* UILabel+XXExtension.m */ = {isa = PBXFileReference; fileEncoding = 4; lastKnownFileType = sourcecode.c.objc; path = "UILabel+XXExtension.m"; sourceTree = "<group>"; };
		9EB2E9401D58934C004809D3 /* UITextField+XXExtension.h */ = {isa = PBXFileReference; fileEncoding = 4; lastKnownFileType = sourcecode.c.h; path = "UITextField+XXExtension.h"; sourceTree = "<group>"; };
		9EB2E9411D58934C004809D3 /* UITextField+XXExtension.m */ = {isa = PBXFileReference; fileEncoding = 4; lastKnownFileType = sourcecode.c.objc; path = "UITextField+XXExtension.m"; sourceTree = "<group>"; };
		9EB2E9431D58A319004809D3 /* XXERegisterFourViewController.h */ = {isa = PBXFileReference; fileEncoding = 4; lastKnownFileType = sourcecode.c.h; path = XXERegisterFourViewController.h; sourceTree = "<group>"; };
		9EB2E9441D58A319004809D3 /* XXERegisterFourViewController.m */ = {isa = PBXFileReference; fileEncoding = 4; lastKnownFileType = sourcecode.c.objc; path = XXERegisterFourViewController.m; sourceTree = "<group>"; };
		9ED146FA1D597D420049D2AA /* WJCommboxView.h */ = {isa = PBXFileReference; fileEncoding = 4; lastKnownFileType = sourcecode.c.h; path = WJCommboxView.h; sourceTree = "<group>"; };
		9ED146FB1D597D420049D2AA /* WJCommboxView.m */ = {isa = PBXFileReference; fileEncoding = 4; lastKnownFileType = sourcecode.c.objc; path = WJCommboxView.m; sourceTree = "<group>"; };
		9ED146FD1D597DB40049D2AA /* XXEHomePageHeaderView.h */ = {isa = PBXFileReference; fileEncoding = 4; lastKnownFileType = sourcecode.c.h; path = XXEHomePageHeaderView.h; sourceTree = "<group>"; };
		9ED146FE1D597DB40049D2AA /* XXEHomePageHeaderView.m */ = {isa = PBXFileReference; fileEncoding = 4; lastKnownFileType = sourcecode.c.objc; path = XXEHomePageHeaderView.m; sourceTree = "<group>"; };
		9ED147001D59A9BF0049D2AA /* ProgressView.h */ = {isa = PBXFileReference; fileEncoding = 4; lastKnownFileType = sourcecode.c.h; path = ProgressView.h; sourceTree = "<group>"; };
		9ED147011D59A9BF0049D2AA /* ProgressView.m */ = {isa = PBXFileReference; fileEncoding = 4; lastKnownFileType = sourcecode.c.objc; path = ProgressView.m; sourceTree = "<group>"; };
		9ED147041D59AC9B0049D2AA /* XXEHomePageApi.h */ = {isa = PBXFileReference; fileEncoding = 4; lastKnownFileType = sourcecode.c.h; path = XXEHomePageApi.h; sourceTree = "<group>"; };
		9ED147051D59AC9B0049D2AA /* XXEHomePageApi.m */ = {isa = PBXFileReference; fileEncoding = 4; lastKnownFileType = sourcecode.c.objc; path = XXEHomePageApi.m; sourceTree = "<group>"; };
		9ED147071D59B0BF0049D2AA /* XXEHomePageMiddleView.h */ = {isa = PBXFileReference; fileEncoding = 4; lastKnownFileType = sourcecode.c.h; path = XXEHomePageMiddleView.h; sourceTree = "<group>"; };
		9ED147081D59B0BF0049D2AA /* XXEHomePageMiddleView.m */ = {isa = PBXFileReference; fileEncoding = 4; lastKnownFileType = sourcecode.c.objc; path = XXEHomePageMiddleView.m; sourceTree = "<group>"; };
		9EFDC7F61D546089005556AF /* qqq_1_5.png */ = {isa = PBXFileReference; lastKnownFileType = image.png; path = qqq_1_5.png; sourceTree = "<group>"; };
		9EFDC7F71D546089005556AF /* qqq_2_5.png */ = {isa = PBXFileReference; lastKnownFileType = image.png; path = qqq_2_5.png; sourceTree = "<group>"; };
		9EFDC7FA1D5460E6005556AF /* qqq_3_5.png */ = {isa = PBXFileReference; lastKnownFileType = image.png; path = qqq_3_5.png; sourceTree = "<group>"; };
		9EFDC7FB1D5460E6005556AF /* qqq_4_5.png */ = {isa = PBXFileReference; lastKnownFileType = image.png; path = qqq_4_5.png; sourceTree = "<group>"; };
		9EFDC8041D548014005556AF /* XXENavigationViewController.h */ = {isa = PBXFileReference; fileEncoding = 4; lastKnownFileType = sourcecode.c.h; path = XXENavigationViewController.h; sourceTree = "<group>"; };
		9EFDC8051D548014005556AF /* XXENavigationViewController.m */ = {isa = PBXFileReference; fileEncoding = 4; lastKnownFileType = sourcecode.c.objc; path = XXENavigationViewController.m; sourceTree = "<group>"; };
		9EFDC8071D548418005556AF /* MacroDefine.h */ = {isa = PBXFileReference; fileEncoding = 4; lastKnownFileType = sourcecode.c.h; path = MacroDefine.h; sourceTree = "<group>"; };
		9EFDC8081D54848A005556AF /* UIFont+XXExtension.h */ = {isa = PBXFileReference; fileEncoding = 4; lastKnownFileType = sourcecode.c.h; path = "UIFont+XXExtension.h"; sourceTree = "<group>"; };
		9EFDC8091D54848A005556AF /* UIFont+XXExtension.m */ = {isa = PBXFileReference; fileEncoding = 4; lastKnownFileType = sourcecode.c.objc; path = "UIFont+XXExtension.m"; sourceTree = "<group>"; };
		9EFDC8501D549DE1005556AF /* HyLoglnButton.h */ = {isa = PBXFileReference; fileEncoding = 4; lastKnownFileType = sourcecode.c.h; path = HyLoglnButton.h; sourceTree = "<group>"; };
		9EFDC8511D549DE1005556AF /* HyLoglnButton.m */ = {isa = PBXFileReference; fileEncoding = 4; lastKnownFileType = sourcecode.c.objc; path = HyLoglnButton.m; sourceTree = "<group>"; };
		9EFDC8521D549DE1005556AF /* SpinerLayer.h */ = {isa = PBXFileReference; fileEncoding = 4; lastKnownFileType = sourcecode.c.h; path = SpinerLayer.h; sourceTree = "<group>"; };
		9EFDC8531D549DE1005556AF /* SpinerLayer.m */ = {isa = PBXFileReference; fileEncoding = 4; lastKnownFileType = sourcecode.c.objc; path = SpinerLayer.m; sourceTree = "<group>"; };
		A4720165A20A1D3D5F5EE8D8 /* Pods-teacher.release.xcconfig */ = {isa = PBXFileReference; includeInIndex = 1; lastKnownFileType = text.xcconfig; name = "Pods-teacher.release.xcconfig"; path = "Pods/Target Support Files/Pods-teacher/Pods-teacher.release.xcconfig"; sourceTree = "<group>"; };
		FDD9FCB9592531AA204DA449 /* libPods-teacher.a */ = {isa = PBXFileReference; explicitFileType = archive.ar; includeInIndex = 0; path = "libPods-teacher.a"; sourceTree = BUILT_PRODUCTS_DIR; };
/* End PBXFileReference section */

/* Begin PBXFrameworksBuildPhase section */
		9E48137C1D504D0900C614AC /* Frameworks */ = {
			isa = PBXFrameworksBuildPhase;
			buildActionMask = 2147483647;
			files = (
				B67AF81ACAA2AAFDF9D38B5E /* libPods-teacher.a in Frameworks */,
			);
			runOnlyForDeploymentPostprocessing = 0;
		};
		9E4813951D504D0900C614AC /* Frameworks */ = {
			isa = PBXFrameworksBuildPhase;
			buildActionMask = 2147483647;
			files = (
			);
			runOnlyForDeploymentPostprocessing = 0;
		};
		9E4813A01D504D0900C614AC /* Frameworks */ = {
			isa = PBXFrameworksBuildPhase;
			buildActionMask = 2147483647;
			files = (
			);
			runOnlyForDeploymentPostprocessing = 0;
		};
/* End PBXFrameworksBuildPhase section */

/* Begin PBXGroup section */
		0487545C1D5C0BD200F680C5 /* Flowerbasket */ = {
			isa = PBXGroup;
			children = (
				0487545D1D5C0BF200F680C5 /* Api */,
				0487546A1D5C0BF200F680C5 /* Controller */,
				048754801D5C0BF200F680C5 /* Model */,
				048754871D5C0BF200F680C5 /* View */,
			);
			path = Flowerbasket;
			sourceTree = "<group>";
		};
		0487545D1D5C0BF200F680C5 /* Api */ = {
			isa = PBXGroup;
			children = (
				0487545E1D5C0BF200F680C5 /* XXEAccountManagerApi.h */,
				0487545F1D5C0BF200F680C5 /* XXEAccountManagerApi.m */,
				048754601D5C0BF200F680C5 /* XXEFlowerbasketApi.h */,
				048754611D5C0BF200F680C5 /* XXEFlowerbasketApi.m */,
				048754621D5C0BF200F680C5 /* XXEFlowerbasketSentHistoryApi.h */,
				048754631D5C0BF200F680C5 /* XXEFlowerbasketSentHistoryApi.m */,
				048754641D5C0BF200F680C5 /* XXEFlowerbasketSubmitAccountInfoApi.h */,
				048754651D5C0BF200F680C5 /* XXEFlowerbasketSubmitAccountInfoApi.m */,
				048754661D5C0BF200F680C5 /* XXEFlowerbasketWithdrawCashApi.h */,
				048754671D5C0BF200F680C5 /* XXEFlowerbasketWithdrawCashApi.m */,
				048F58701D5C271A002E4855 /* XXEFlowerbasketAddAccountApi.h */,
				048F58711D5C271A002E4855 /* XXEFlowerbasketAddAccountApi.m */,
			);
			path = Api;
			sourceTree = "<group>";
		};
		0487546A1D5C0BF200F680C5 /* Controller */ = {
			isa = PBXGroup;
			children = (
				0487546B1D5C0BF200F680C5 /* XXEAccountManagerViewController.h */,
				0487546C1D5C0BF200F680C5 /* XXEAccountManagerViewController.m */,
				0487546D1D5C0BF200F680C5 /* XXEFlowerbasketSentHistoryViewController.h */,
				0487546E1D5C0BF200F680C5 /* XXEFlowerbasketSentHistoryViewController.m */,
				0487546F1D5C0BF200F680C5 /* XXEFlowerbasketViewController.h */,
				048754701D5C0BF200F680C5 /* XXEFlowerbasketViewController.m */,
				048754711D5C0BF200F680C5 /* XXEFlowerbasketWithdrawCashViewController.h */,
				048754721D5C0BF200F680C5 /* XXEFlowerbasketWithdrawCashViewController.m */,
				048754731D5C0BF200F680C5 /* XXEFlowerbasketWithdrawCashViewController.xib */,
				048F586B1D5C1E1A002E4855 /* XXEFlowerbasketAddAccountViewController.h */,
				048F586C1D5C1E1A002E4855 /* XXEFlowerbasketAddAccountViewController.m */,
			);
			path = Controller;
			sourceTree = "<group>";
		};
		048754801D5C0BF200F680C5 /* Model */ = {
			isa = PBXGroup;
			children = (
				048754811D5C0BF200F680C5 /* XXEAccountManagerModel.h */,
				048754821D5C0BF200F680C5 /* XXEAccountManagerModel.m */,
				048754831D5C0BF200F680C5 /* XXEFlowerbasketModel.h */,
				048754841D5C0BF200F680C5 /* XXEFlowerbasketModel.m */,
				048754851D5C0BF200F680C5 /* XXEFlowerbasketSentHistoryModel.h */,
				048754861D5C0BF200F680C5 /* XXEFlowerbasketSentHistoryModel.m */,
			);
			path = Model;
			sourceTree = "<group>";
		};
		048754871D5C0BF200F680C5 /* View */ = {
			isa = PBXGroup;
			children = (
				048754881D5C0BF200F680C5 /* XXEAccountManagerTableViewCell.h */,
				048754891D5C0BF200F680C5 /* XXEAccountManagerTableViewCell.m */,
				0487548A1D5C0BF200F680C5 /* XXEAccountManagerTableViewCell.xib */,
				0487548B1D5C0BF200F680C5 /* XXEFlowerbasketSentHistoryTableViewCell.h */,
				0487548C1D5C0BF200F680C5 /* XXEFlowerbasketSentHistoryTableViewCell.m */,
				0487548D1D5C0BF200F680C5 /* XXEFlowerbasketSentHistoryTableViewCell.xib */,
				0487548E1D5C0BF200F680C5 /* XXEFlowerbasketTableViewCell.h */,
				0487548F1D5C0BF200F680C5 /* XXEFlowerbasketTableViewCell.m */,
				048754901D5C0BF200F680C5 /* XXEFlowerbasketTableViewCell.xib */,
			);
			path = View;
			sourceTree = "<group>";
		};
		048F58731D5C4EB0002E4855 /* XingCoin */ = {
			isa = PBXGroup;
			children = (
				048F58741D5C4EB0002E4855 /* Api */,
				048F58751D5C4EB0002E4855 /* Controller */,
				048F58761D5C4EB0002E4855 /* Model */,
				048F58771D5C4EB0002E4855 /* View */,
			);
			path = XingCoin;
			sourceTree = "<group>";
		};
		048F58741D5C4EB0002E4855 /* Api */ = {
			isa = PBXGroup;
			children = (
				048F587B1D5C6BDB002E4855 /* XXEXingCoinApi.h */,
				048F587C1D5C6BDB002E4855 /* XXEXingCoinApi.m */,
				048F58891D5C7C27002E4855 /* XXEXingCoinHistoryApi.h */,
				048F588A1D5C7C27002E4855 /* XXEXingCoinHistoryApi.m */,
			);
			path = Api;
			sourceTree = "<group>";
		};
		048F58751D5C4EB0002E4855 /* Controller */ = {
			isa = PBXGroup;
			children = (
				048F58781D5C5402002E4855 /* XXEXingCoinViewController.h */,
				048F58791D5C5402002E4855 /* XXEXingCoinViewController.m */,
				048F587E1D5C7A3A002E4855 /* XXEXingCoinHistoryViewController.h */,
				048F587F1D5C7A3A002E4855 /* XXEXingCoinHistoryViewController.m */,
			);
			path = Controller;
			sourceTree = "<group>";
		};
		048F58761D5C4EB0002E4855 /* Model */ = {
			isa = PBXGroup;
			children = (
				048F58811D5C7A62002E4855 /* XXEXingCoinHistoryModel.h */,
				048F58821D5C7A62002E4855 /* XXEXingCoinHistoryModel.m */,
			);
			path = Model;
			sourceTree = "<group>";
		};
		048F58771D5C4EB0002E4855 /* View */ = {
			isa = PBXGroup;
			children = (
				048F58841D5C7A76002E4855 /* XXEXingCoinHistoryTableViewCell.h */,
				048F58851D5C7A76002E4855 /* XXEXingCoinHistoryTableViewCell.m */,
				048F58861D5C7A76002E4855 /* XXEXingCoinHistoryTableViewCell.xib */,
			);
			path = View;
			sourceTree = "<group>";
		};
		048F588C1D5C9555002E4855 /* RedFlower */ = {
			isa = PBXGroup;
			children = (
				048F588D1D5C9555002E4855 /* Api */,
				048F588E1D5C9555002E4855 /* Controller */,
				048F588F1D5C9555002E4855 /* Model */,
				048F58901D5C9555002E4855 /* View */,
			);
			path = RedFlower;
			sourceTree = "<group>";
		};
		048F588D1D5C9555002E4855 /* Api */ = {
			isa = PBXGroup;
			children = (
				048F58911D5C967F002E4855 /* XXERedFlowerSentHistoryApi.h */,
				048F58921D5C967F002E4855 /* XXERedFlowerSentHistoryApi.m */,
			);
			path = Api;
			sourceTree = "<group>";
		};
		048F588E1D5C9555002E4855 /* Controller */ = {
			isa = PBXGroup;
			children = (
				048F58941D5C97CA002E4855 /* XXERedFlowerSentHistoryViewController.h */,
				048F58951D5C97CA002E4855 /* XXERedFlowerSentHistoryViewController.m */,
			);
			path = Controller;
			sourceTree = "<group>";
		};
		048F588F1D5C9555002E4855 /* Model */ = {
			isa = PBXGroup;
			children = (
				048F58971D5C9870002E4855 /* XXERedFlowerSentHistoryModel.h */,
				048F58981D5C9870002E4855 /* XXERedFlowerSentHistoryModel.m */,
			);
			path = Model;
			sourceTree = "<group>";
		};
		048F58901D5C9555002E4855 /* View */ = {
			isa = PBXGroup;
			children = (
				048F589A1D5C9883002E4855 /* XXERedFlowerSentHistoryTableViewCell.h */,
				048F589B1D5C9883002E4855 /* XXERedFlowerSentHistoryTableViewCell.m */,
				048F589C1D5C9883002E4855 /* XXERedFlowerSentHistoryTableViewCell.xib */,
			);
			path = View;
			sourceTree = "<group>";
		};
		9E4813761D504D0900C614AC = {
			isa = PBXGroup;
			children = (
				9E4813811D504D0900C614AC /* teacher */,
				9E48139B1D504D0900C614AC /* teacherTests */,
				9E4813A61D504D0900C614AC /* teacherUITests */,
				9E4813801D504D0900C614AC /* Products */,
				C506F427E2E313529384712C /* Pods */,
				C5E587A04C107257AA453603 /* Frameworks */,
			);
			sourceTree = "<group>";
		};
		9E4813801D504D0900C614AC /* Products */ = {
			isa = PBXGroup;
			children = (
				9E48137F1D504D0900C614AC /* teacher.app */,
				9E4813981D504D0900C614AC /* teacherTests.xctest */,
				9E4813A31D504D0900C614AC /* teacherUITests.xctest */,
			);
			name = Products;
			sourceTree = "<group>";
		};
		9E4813811D504D0900C614AC /* teacher */ = {
			isa = PBXGroup;
			children = (
				9E4813851D504D0900C614AC /* AppDelegate.h */,
				9E4813861D504D0900C614AC /* AppDelegate.m */,
				9E4813D11D506C6100C614AC /* LoginAndRegister */,
				9E4813B51D50695200C614AC /* BasePage */,
				9E4813BE1D50695200C614AC /* HomePage */,
				9E4813B61D50695200C614AC /* ChatPage */,
				9E4813BA1D50695200C614AC /* FriendCirclePage */,
				9E4813C21D50695200C614AC /* MySelfPage */,
				9E4813C61D50695200C614AC /* ThirdLibrary */,
				9E4813C71D50695200C614AC /* XXEHelper */,
				9E4813C81D50695200C614AC /* XXETools */,
				9E4813C91D50697800C614AC /* Others */,
				9E4813821D504D0900C614AC /* Supporting Files */,
			);
			path = teacher;
			sourceTree = "<group>";
		};
		9E4813821D504D0900C614AC /* Supporting Files */ = {
			isa = PBXGroup;
			children = (
				9E4813831D504D0900C614AC /* main.m */,
			);
			name = "Supporting Files";
			sourceTree = "<group>";
		};
		9E48139B1D504D0900C614AC /* teacherTests */ = {
			isa = PBXGroup;
			children = (
				9E48139C1D504D0900C614AC /* teacherTests.m */,
				9E48139E1D504D0900C614AC /* Info.plist */,
			);
			path = teacherTests;
			sourceTree = "<group>";
		};
		9E4813A61D504D0900C614AC /* teacherUITests */ = {
			isa = PBXGroup;
			children = (
				9E4813A71D504D0900C614AC /* teacherUITests.m */,
				9E4813A91D504D0900C614AC /* Info.plist */,
			);
			path = teacherUITests;
			sourceTree = "<group>";
		};
		9E4813B51D50695200C614AC /* BasePage */ = {
			isa = PBXGroup;
			children = (
				9E4813CA1D506A6800C614AC /* Controller */,
				9E4813CB1D506A6800C614AC /* Model */,
				9E4813CC1D506A6800C614AC /* View */,
			);
			path = BasePage;
			sourceTree = "<group>";
		};
		9E4813B61D50695200C614AC /* ChatPage */ = {
			isa = PBXGroup;
			children = (
				9E4813B71D50695200C614AC /* Controller */,
				9E4813B81D50695200C614AC /* Model */,
				9E4813B91D50695200C614AC /* View */,
			);
			path = ChatPage;
			sourceTree = "<group>";
		};
		9E4813B71D50695200C614AC /* Controller */ = {
			isa = PBXGroup;
			children = (
				9E4813DB1D50784900C614AC /* XXEChatPageViewController.h */,
				9E4813DC1D50784900C614AC /* XXEChatPageViewController.m */,
			);
			path = Controller;
			sourceTree = "<group>";
		};
		9E4813B81D50695200C614AC /* Model */ = {
			isa = PBXGroup;
			children = (
			);
			path = Model;
			sourceTree = "<group>";
		};
		9E4813B91D50695200C614AC /* View */ = {
			isa = PBXGroup;
			children = (
			);
			path = View;
			sourceTree = "<group>";
		};
		9E4813BA1D50695200C614AC /* FriendCirclePage */ = {
			isa = PBXGroup;
			children = (
				9E4813BB1D50695200C614AC /* Controller */,
				9E4813BC1D50695200C614AC /* Model */,
				9E4813BD1D50695200C614AC /* View */,
			);
			path = FriendCirclePage;
			sourceTree = "<group>";
		};
		9E4813BB1D50695200C614AC /* Controller */ = {
			isa = PBXGroup;
			children = (
				9E4813DE1D50787100C614AC /* XXEFriendCirclePageViewController.h */,
				9E4813DF1D50787100C614AC /* XXEFriendCirclePageViewController.m */,
			);
			path = Controller;
			sourceTree = "<group>";
		};
		9E4813BC1D50695200C614AC /* Model */ = {
			isa = PBXGroup;
			children = (
			);
			path = Model;
			sourceTree = "<group>";
		};
		9E4813BD1D50695200C614AC /* View */ = {
			isa = PBXGroup;
			children = (
			);
			path = View;
			sourceTree = "<group>";
		};
		9E4813BE1D50695200C614AC /* HomePage */ = {
			isa = PBXGroup;
			children = (
				048F588C1D5C9555002E4855 /* RedFlower */,
				048F58731D5C4EB0002E4855 /* XingCoin */,
				0487545C1D5C0BD200F680C5 /* Flowerbasket */,
				9ED147031D59ABC00049D2AA /* HomePageApi */,
				9E4813BF1D50695200C614AC /* Controller */,
				9E4813C01D50695200C614AC /* Model */,
				9E4813C11D50695200C614AC /* View */,
			);
			path = HomePage;
			sourceTree = "<group>";
		};
		9E4813BF1D50695200C614AC /* Controller */ = {
			isa = PBXGroup;
			children = (
				9E4813D81D50783000C614AC /* XXEHomePageViewController.h */,
				9E4813D91D50783000C614AC /* XXEHomePageViewController.m */,
			);
			path = Controller;
			sourceTree = "<group>";
		};
		9E4813C01D50695200C614AC /* Model */ = {
			isa = PBXGroup;
			children = (
				9E50F3FE1D5B0E9700FA6594 /* XXEHomePageModel.h */,
				9E50F3FF1D5B0E9700FA6594 /* XXEHomePageModel.m */,
				9E50F4011D5B139400FA6594 /* XXEHomePageSchoolModel.h */,
				9E50F4021D5B139400FA6594 /* XXEHomePageSchoolModel.m */,
				9E50F4041D5B13B400FA6594 /* XXEHomePageClassModel.h */,
				9E50F4051D5B13B400FA6594 /* XXEHomePageClassModel.m */,
			);
			path = Model;
			sourceTree = "<group>";
		};
		9E4813C11D50695200C614AC /* View */ = {
			isa = PBXGroup;
			children = (
				9ED146FD1D597DB40049D2AA /* XXEHomePageHeaderView.h */,
				9ED146FE1D597DB40049D2AA /* XXEHomePageHeaderView.m */,
				9ED147071D59B0BF0049D2AA /* XXEHomePageMiddleView.h */,
				9ED147081D59B0BF0049D2AA /* XXEHomePageMiddleView.m */,
				9E542DBA1D59C6A1002D7BC3 /* XXEHomePageBottomView.h */,
				9E542DBB1D59C6A1002D7BC3 /* XXEHomePageBottomView.m */,
			);
			path = View;
			sourceTree = "<group>";
		};
		9E4813C21D50695200C614AC /* MySelfPage */ = {
			isa = PBXGroup;
			children = (
				9E4813C31D50695200C614AC /* Controller */,
				9E4813C41D50695200C614AC /* Model */,
				9E4813C51D50695200C614AC /* View */,
			);
			path = MySelfPage;
			sourceTree = "<group>";
		};
		9E4813C31D50695200C614AC /* Controller */ = {
			isa = PBXGroup;
			children = (
				9E4813E11D50788300C614AC /* XXEMySelfPageViewController.h */,
				9E4813E21D50788300C614AC /* XXEMySelfPageViewController.m */,
			);
			path = Controller;
			sourceTree = "<group>";
		};
		9E4813C41D50695200C614AC /* Model */ = {
			isa = PBXGroup;
			children = (
			);
			path = Model;
			sourceTree = "<group>";
		};
		9E4813C51D50695200C614AC /* View */ = {
			isa = PBXGroup;
			children = (
			);
			path = View;
			sourceTree = "<group>";
		};
		9E4813C61D50695200C614AC /* ThirdLibrary */ = {
			isa = PBXGroup;
			children = (
				9ED146F91D597D420049D2AA /* WJCommboxView */,
				9E7D89F71D5818910099BE78 /* KTActionSheet */,
				9EFDC8501D549DE1005556AF /* HyLoglnButton.h */,
				9EFDC8511D549DE1005556AF /* HyLoglnButton.m */,
				9EFDC8521D549DE1005556AF /* SpinerLayer.h */,
				9EFDC8531D549DE1005556AF /* SpinerLayer.m */,
			);
			path = ThirdLibrary;
			sourceTree = "<group>";
		};
		9E4813C71D50695200C614AC /* XXEHelper */ = {
			isa = PBXGroup;
			children = (
				9E6912F61D5442AE0000E566 /* UIView+XXExtension.h */,
				9E6912F71D5442AE0000E566 /* UIView+XXExtension.m */,
				9EFDC8081D54848A005556AF /* UIFont+XXExtension.h */,
				9EFDC8091D54848A005556AF /* UIFont+XXExtension.m */,
				9E7D8A0B1D58576D0099BE78 /* UIButton+XXExtension.h */,
				9E7D8A0C1D58576D0099BE78 /* UIButton+XXExtension.m */,
				9EB2E93D1D5889B9004809D3 /* UILabel+XXExtension.h */,
				9EB2E93E1D5889B9004809D3 /* UILabel+XXExtension.m */,
				9EB2E9401D58934C004809D3 /* UITextField+XXExtension.h */,
				9EB2E9411D58934C004809D3 /* UITextField+XXExtension.m */,
			);
			path = XXEHelper;
			sourceTree = "<group>";
		};
		9E4813C81D50695200C614AC /* XXETools */ = {
			isa = PBXGroup;
			children = (
				9E50F4551D5B449100FA6594 /* XXETool.h */,
				9E50F4561D5B449800FA6594 /* XXETool.m */,
				9ED147001D59A9BF0049D2AA /* ProgressView.h */,
				9ED147011D59A9BF0049D2AA /* ProgressView.m */,
			);
			path = XXETools;
			sourceTree = "<group>";
		};
		9E4813C91D50697800C614AC /* Others */ = {
			isa = PBXGroup;
			children = (
				9E48138B1D504D0900C614AC /* Main.storyboard */,
				9E48138E1D504D0900C614AC /* Assets.xcassets */,
				9E4813901D504D0900C614AC /* LaunchScreen.storyboard */,
				9E4813931D504D0900C614AC /* Info.plist */,
				9E50F3FD1D5ADDF700FA6594 /* XXEHeaderApi.h */,
				9EFDC8071D548418005556AF /* MacroDefine.h */,
				9E4813CD1D506B1D00C614AC /* PrefixHeader.pch */,
			);
			path = Others;
			sourceTree = "<group>";
		};
		9E4813CA1D506A6800C614AC /* Controller */ = {
			isa = PBXGroup;
			children = (
				9E4813CE1D506BDE00C614AC /* XXEBaseViewController.h */,
				9E4813CF1D506BDE00C614AC /* XXEBaseViewController.m */,
				9E4813D51D50722400C614AC /* XXETabBarControllerConfig.h */,
				9E4813D61D50722400C614AC /* XXETabBarControllerConfig.m */,
				9EFDC8041D548014005556AF /* XXENavigationViewController.h */,
				9EFDC8051D548014005556AF /* XXENavigationViewController.m */,
			);
			path = Controller;
			sourceTree = "<group>";
		};
		9E4813CB1D506A6800C614AC /* Model */ = {
			isa = PBXGroup;
			children = (
			);
			path = Model;
			sourceTree = "<group>";
		};
		9E4813CC1D506A6800C614AC /* View */ = {
			isa = PBXGroup;
			children = (
			);
			path = View;
			sourceTree = "<group>";
		};
		9E4813D11D506C6100C614AC /* LoginAndRegister */ = {
			isa = PBXGroup;
			children = (
				9E4813D21D506C6100C614AC /* Controller */,
				9E4813D31D506C6100C614AC /* Model */,
				9E4813D41D506C6100C614AC /* View */,
			);
			path = LoginAndRegister;
			sourceTree = "<group>";
		};
		9E4813D21D506C6100C614AC /* Controller */ = {
			isa = PBXGroup;
			children = (
				9E28FC411D530EAD0003A208 /* XXELoginViewController.h */,
				9E28FC421D530EAD0003A208 /* XXELoginViewController.m */,
				9E50F3FA1D5ADC0A00FA6594 /* XXELoginApi.h */,
				9E50F3FB1D5ADC0A00FA6594 /* XXELoginApi.m */,
				9E7D8A0E1D585EA70099BE78 /* RegisterController */,
				9E6912F31D54341F0000E566 /* XXEStarImageViewController.h */,
				9E6912F41D54341F0000E566 /* XXEStarImageViewController.m */,
				9EFDC7F61D546089005556AF /* qqq_1_5.png */,
				9EFDC7F71D546089005556AF /* qqq_2_5.png */,
				9EFDC7FA1D5460E6005556AF /* qqq_3_5.png */,
				9EFDC7FB1D5460E6005556AF /* qqq_4_5.png */,
			);
			path = Controller;
			sourceTree = "<group>";
		};
		9E4813D31D506C6100C614AC /* Model */ = {
			isa = PBXGroup;
			children = (
				9E50F3F71D5AC11300FA6594 /* XXEUserInfo.h */,
				9E50F3F61D5AC11300FA6594 /* XXEUserInfo.m */,
			);
			path = Model;
			sourceTree = "<group>";
		};
		9E4813D41D506C6100C614AC /* View */ = {
			isa = PBXGroup;
			children = (
			);
			path = View;
			sourceTree = "<group>";
		};
		9E7D89F71D5818910099BE78 /* KTActionSheet */ = {
			isa = PBXGroup;
			children = (
				9E7D89FE1D581A800099BE78 /* KTActionSheet.h */,
				9E7D89FF1D581A800099BE78 /* KTActionSheet.m */,
				9E7D8A001D581A800099BE78 /* KTSheetCell.h */,
				9E7D8A011D581A800099BE78 /* KTSheetCell.m */,
				9E7D8A021D581A800099BE78 /* KTSheetCell.xib */,
				9E7D8A031D581A800099BE78 /* KTSheetView.h */,
				9E7D8A041D581A800099BE78 /* KTSheetView.m */,
				9E7D8A051D581A800099BE78 /* KTSheetView.xib */,
			);
			path = KTActionSheet;
			sourceTree = "<group>";
		};
		9E7D8A0E1D585EA70099BE78 /* RegisterController */ = {
			isa = PBXGroup;
			children = (
				9E7D89FB1D5818F60099BE78 /* XXERegisterViewController.h */,
				9E7D89FC1D5818F60099BE78 /* XXERegisterViewController.m */,
				9E7D8A0F1D585ED00099BE78 /* XXERegisterSecondViewController.h */,
				9E7D8A101D585ED00099BE78 /* XXERegisterSecondViewController.m */,
				9E7D8A121D5872BE0099BE78 /* XXERegisterThreeViewController.h */,
				9E7D8A131D5872BE0099BE78 /* XXERegisterThreeViewController.m */,
				9EB2E9431D58A319004809D3 /* XXERegisterFourViewController.h */,
				9EB2E9441D58A319004809D3 /* XXERegisterFourViewController.m */,
			);
			path = RegisterController;
			sourceTree = "<group>";
		};
		9ED146F91D597D420049D2AA /* WJCommboxView */ = {
			isa = PBXGroup;
			children = (
				9ED146FA1D597D420049D2AA /* WJCommboxView.h */,
				9ED146FB1D597D420049D2AA /* WJCommboxView.m */,
			);
			path = WJCommboxView;
			sourceTree = "<group>";
		};
		9ED147031D59ABC00049D2AA /* HomePageApi */ = {
			isa = PBXGroup;
			children = (
				9ED147041D59AC9B0049D2AA /* XXEHomePageApi.h */,
				9ED147051D59AC9B0049D2AA /* XXEHomePageApi.m */,
			);
			name = HomePageApi;
			path = ../BasePage/HomePageApi;
			sourceTree = "<group>";
		};
		C506F427E2E313529384712C /* Pods */ = {
			isa = PBXGroup;
			children = (
				16EC2C4BB8E577B5CE2BABDD /* Pods-teacher.debug.xcconfig */,
				A4720165A20A1D3D5F5EE8D8 /* Pods-teacher.release.xcconfig */,
			);
			name = Pods;
			sourceTree = "<group>";
		};
		C5E587A04C107257AA453603 /* Frameworks */ = {
			isa = PBXGroup;
			children = (
				FDD9FCB9592531AA204DA449 /* libPods-teacher.a */,
			);
			name = Frameworks;
			sourceTree = "<group>";
		};
/* End PBXGroup section */

/* Begin PBXNativeTarget section */
		9E48137E1D504D0900C614AC /* teacher */ = {
			isa = PBXNativeTarget;
			buildConfigurationList = 9E4813AC1D504D0900C614AC /* Build configuration list for PBXNativeTarget "teacher" */;
			buildPhases = (
				930CC082B310D09F01A58E94 /* [CP] Check Pods Manifest.lock */,
				9E48137B1D504D0900C614AC /* Sources */,
				9E48137C1D504D0900C614AC /* Frameworks */,
				9E48137D1D504D0900C614AC /* Resources */,
				35AEFA7C2C1AAF58CE3309DE /* [CP] Embed Pods Frameworks */,
				C8CCE8CF2D884114431CFB8B /* [CP] Copy Pods Resources */,
			);
			buildRules = (
			);
			dependencies = (
			);
			name = teacher;
			productName = teacher;
			productReference = 9E48137F1D504D0900C614AC /* teacher.app */;
			productType = "com.apple.product-type.application";
		};
		9E4813971D504D0900C614AC /* teacherTests */ = {
			isa = PBXNativeTarget;
			buildConfigurationList = 9E4813AF1D504D0900C614AC /* Build configuration list for PBXNativeTarget "teacherTests" */;
			buildPhases = (
				9E4813941D504D0900C614AC /* Sources */,
				9E4813951D504D0900C614AC /* Frameworks */,
				9E4813961D504D0900C614AC /* Resources */,
			);
			buildRules = (
			);
			dependencies = (
				9E48139A1D504D0900C614AC /* PBXTargetDependency */,
			);
			name = teacherTests;
			productName = teacherTests;
			productReference = 9E4813981D504D0900C614AC /* teacherTests.xctest */;
			productType = "com.apple.product-type.bundle.unit-test";
		};
		9E4813A21D504D0900C614AC /* teacherUITests */ = {
			isa = PBXNativeTarget;
			buildConfigurationList = 9E4813B21D504D0900C614AC /* Build configuration list for PBXNativeTarget "teacherUITests" */;
			buildPhases = (
				9E48139F1D504D0900C614AC /* Sources */,
				9E4813A01D504D0900C614AC /* Frameworks */,
				9E4813A11D504D0900C614AC /* Resources */,
			);
			buildRules = (
			);
			dependencies = (
				9E4813A51D504D0900C614AC /* PBXTargetDependency */,
			);
			name = teacherUITests;
			productName = teacherUITests;
			productReference = 9E4813A31D504D0900C614AC /* teacherUITests.xctest */;
			productType = "com.apple.product-type.bundle.ui-testing";
		};
/* End PBXNativeTarget section */

/* Begin PBXProject section */
		9E4813771D504D0900C614AC /* Project object */ = {
			isa = PBXProject;
			attributes = {
				CLASSPREFIX = XXE;
				LastUpgradeCheck = 0720;
				ORGANIZATIONNAME = XingXingEdu;
				TargetAttributes = {
					9E48137E1D504D0900C614AC = {
						CreatedOnToolsVersion = 7.2;
					};
					9E4813971D504D0900C614AC = {
						CreatedOnToolsVersion = 7.2;
						TestTargetID = 9E48137E1D504D0900C614AC;
					};
					9E4813A21D504D0900C614AC = {
						CreatedOnToolsVersion = 7.2;
						TestTargetID = 9E48137E1D504D0900C614AC;
					};
				};
			};
			buildConfigurationList = 9E48137A1D504D0900C614AC /* Build configuration list for PBXProject "teacher" */;
			compatibilityVersion = "Xcode 3.2";
			developmentRegion = English;
			hasScannedForEncodings = 0;
			knownRegions = (
				en,
				Base,
			);
			mainGroup = 9E4813761D504D0900C614AC;
			productRefGroup = 9E4813801D504D0900C614AC /* Products */;
			projectDirPath = "";
			projectRoot = "";
			targets = (
				9E48137E1D504D0900C614AC /* teacher */,
				9E4813971D504D0900C614AC /* teacherTests */,
				9E4813A21D504D0900C614AC /* teacherUITests */,
			);
		};
/* End PBXProject section */

/* Begin PBXResourcesBuildPhase section */
		9E48137D1D504D0900C614AC /* Resources */ = {
			isa = PBXResourcesBuildPhase;
			buildActionMask = 2147483647;
			files = (
				9E7D8A081D581A800099BE78 /* KTSheetCell.xib in Resources */,
				9E4813921D504D0900C614AC /* LaunchScreen.storyboard in Resources */,
				048F589E1D5C9883002E4855 /* XXERedFlowerSentHistoryTableViewCell.xib in Resources */,
				9E48138F1D504D0900C614AC /* Assets.xcassets in Resources */,
				9EFDC7FC1D5460E6005556AF /* qqq_3_5.png in Resources */,
				0487549B1D5C0BF200F680C5 /* XXEFlowerbasketWithdrawCashViewController.xib in Resources */,
				9EFDC7F81D546089005556AF /* qqq_1_5.png in Resources */,
				9EFDC7F91D546089005556AF /* qqq_2_5.png in Resources */,
				048754A61D5C0BF200F680C5 /* XXEAccountManagerTableViewCell.xib in Resources */,
				9EFDC7FD1D5460E6005556AF /* qqq_4_5.png in Resources */,
				048F58881D5C7A76002E4855 /* XXEXingCoinHistoryTableViewCell.xib in Resources */,
				048754A81D5C0BF200F680C5 /* XXEFlowerbasketSentHistoryTableViewCell.xib in Resources */,
				048754AA1D5C0BF200F680C5 /* XXEFlowerbasketTableViewCell.xib in Resources */,
				9E48138D1D504D0900C614AC /* Main.storyboard in Resources */,
				9E7D8A0A1D581A800099BE78 /* KTSheetView.xib in Resources */,
			);
			runOnlyForDeploymentPostprocessing = 0;
		};
		9E4813961D504D0900C614AC /* Resources */ = {
			isa = PBXResourcesBuildPhase;
			buildActionMask = 2147483647;
			files = (
			);
			runOnlyForDeploymentPostprocessing = 0;
		};
		9E4813A11D504D0900C614AC /* Resources */ = {
			isa = PBXResourcesBuildPhase;
			buildActionMask = 2147483647;
			files = (
			);
			runOnlyForDeploymentPostprocessing = 0;
		};
/* End PBXResourcesBuildPhase section */

/* Begin PBXShellScriptBuildPhase section */
		35AEFA7C2C1AAF58CE3309DE /* [CP] Embed Pods Frameworks */ = {
			isa = PBXShellScriptBuildPhase;
			buildActionMask = 2147483647;
			files = (
			);
			inputPaths = (
			);
			name = "[CP] Embed Pods Frameworks";
			outputPaths = (
			);
			runOnlyForDeploymentPostprocessing = 0;
			shellPath = /bin/sh;
			shellScript = "\"${SRCROOT}/Pods/Target Support Files/Pods-teacher/Pods-teacher-frameworks.sh\"\n";
			showEnvVarsInLog = 0;
		};
		930CC082B310D09F01A58E94 /* [CP] Check Pods Manifest.lock */ = {
			isa = PBXShellScriptBuildPhase;
			buildActionMask = 2147483647;
			files = (
			);
			inputPaths = (
			);
			name = "[CP] Check Pods Manifest.lock";
			outputPaths = (
			);
			runOnlyForDeploymentPostprocessing = 0;
			shellPath = /bin/sh;
			shellScript = "diff \"${PODS_ROOT}/../Podfile.lock\" \"${PODS_ROOT}/Manifest.lock\" > /dev/null\nif [[ $? != 0 ]] ; then\n    cat << EOM\nerror: The sandbox is not in sync with the Podfile.lock. Run 'pod install' or update your CocoaPods installation.\nEOM\n    exit 1\nfi\n";
			showEnvVarsInLog = 0;
		};
		C8CCE8CF2D884114431CFB8B /* [CP] Copy Pods Resources */ = {
			isa = PBXShellScriptBuildPhase;
			buildActionMask = 2147483647;
			files = (
			);
			inputPaths = (
			);
			name = "[CP] Copy Pods Resources";
			outputPaths = (
			);
			runOnlyForDeploymentPostprocessing = 0;
			shellPath = /bin/sh;
			shellScript = "\"${SRCROOT}/Pods/Target Support Files/Pods-teacher/Pods-teacher-resources.sh\"\n";
			showEnvVarsInLog = 0;
		};
/* End PBXShellScriptBuildPhase section */

/* Begin PBXSourcesBuildPhase section */
		9E48137B1D504D0900C614AC /* Sources */ = {
			isa = PBXSourcesBuildPhase;
			buildActionMask = 2147483647;
			files = (
				9E7D8A061D581A800099BE78 /* KTActionSheet.m in Sources */,
				9ED147061D59AC9B0049D2AA /* XXEHomePageApi.m in Sources */,
				9E6912F81D5442AE0000E566 /* UIView+XXExtension.m in Sources */,
				9ED147091D59B0BF0049D2AA /* XXEHomePageMiddleView.m in Sources */,
				048754981D5C0BF200F680C5 /* XXEFlowerbasketSentHistoryViewController.m in Sources */,
				9E4813D01D506BDE00C614AC /* XXEBaseViewController.m in Sources */,
				9E7D8A091D581A800099BE78 /* KTSheetView.m in Sources */,
				048F58831D5C7A62002E4855 /* XXEXingCoinHistoryModel.m in Sources */,
				9E28FC431D530EAD0003A208 /* XXELoginViewController.m in Sources */,
				9ED147021D59A9BF0049D2AA /* ProgressView.m in Sources */,
				048754A71D5C0BF200F680C5 /* XXEFlowerbasketSentHistoryTableViewCell.m in Sources */,
				048754941D5C0BF200F680C5 /* XXEFlowerbasketSubmitAccountInfoApi.m in Sources */,
				048754A91D5C0BF200F680C5 /* XXEFlowerbasketTableViewCell.m in Sources */,
				9E4813E31D50788300C614AC /* XXEMySelfPageViewController.m in Sources */,
				048754991D5C0BF200F680C5 /* XXEFlowerbasketViewController.m in Sources */,
				048F589D1D5C9883002E4855 /* XXERedFlowerSentHistoryTableViewCell.m in Sources */,
				9E4813DD1D50784900C614AC /* XXEChatPageViewController.m in Sources */,
				9E7D8A071D581A800099BE78 /* KTSheetCell.m in Sources */,
				048754A41D5C0BF200F680C5 /* XXEFlowerbasketSentHistoryModel.m in Sources */,
				9EB2E9451D58A319004809D3 /* XXERegisterFourViewController.m in Sources */,
				0487549A1D5C0BF200F680C5 /* XXEFlowerbasketWithdrawCashViewController.m in Sources */,
				9E50F4061D5B13B400FA6594 /* XXEHomePageClassModel.m in Sources */,
				048754921D5C0BF200F680C5 /* XXEFlowerbasketApi.m in Sources */,
				048F58801D5C7A3A002E4855 /* XXEXingCoinHistoryViewController.m in Sources */,
				048754931D5C0BF200F680C5 /* XXEFlowerbasketSentHistoryApi.m in Sources */,
				048754A21D5C0BF200F680C5 /* XXEAccountManagerModel.m in Sources */,
				048F586E1D5C1E1A002E4855 /* XXEFlowerbasketAddAccountViewController.m in Sources */,
				048F58961D5C97CA002E4855 /* XXERedFlowerSentHistoryViewController.m in Sources */,
				048F588B1D5C7C27002E4855 /* XXEXingCoinHistoryApi.m in Sources */,
				048F587A1D5C5402002E4855 /* XXEXingCoinViewController.m in Sources */,
				048F587D1D5C6BDB002E4855 /* XXEXingCoinApi.m in Sources */,
				9EFDC8551D549DE1005556AF /* SpinerLayer.m in Sources */,
				048F58871D5C7A76002E4855 /* XXEXingCoinHistoryTableViewCell.m in Sources */,
				9EFDC8061D548014005556AF /* XXENavigationViewController.m in Sources */,
				9E4813D71D50722400C614AC /* XXETabBarControllerConfig.m in Sources */,
				048F58991D5C9870002E4855 /* XXERedFlowerSentHistoryModel.m in Sources */,
				048754911D5C0BF200F680C5 /* XXEAccountManagerApi.m in Sources */,
				048754951D5C0BF200F680C5 /* XXEFlowerbasketWithdrawCashApi.m in Sources */,
				9EB2E9421D58934C004809D3 /* UITextField+XXExtension.m in Sources */,
				9E4813871D504D0900C614AC /* AppDelegate.m in Sources */,
				9E4813DA1D50783000C614AC /* XXEHomePageViewController.m in Sources */,
				9EB2E93F1D5889B9004809D3 /* UILabel+XXExtension.m in Sources */,
				9EFDC80A1D54848A005556AF /* UIFont+XXExtension.m in Sources */,
				9E50F3FC1D5ADC0A00FA6594 /* XXELoginApi.m in Sources */,
				9E7D8A0D1D58576D0099BE78 /* UIButton+XXExtension.m in Sources */,
				9E4813E01D50787100C614AC /* XXEFriendCirclePageViewController.m in Sources */,
				9E542DBC1D59C6A1002D7BC3 /* XXEHomePageBottomView.m in Sources */,
				9ED146FF1D597DB40049D2AA /* XXEHomePageHeaderView.m in Sources */,
				048F58721D5C271A002E4855 /* XXEFlowerbasketAddAccountApi.m in Sources */,
				9E50F4031D5B139400FA6594 /* XXEHomePageSchoolModel.m in Sources */,
				9E7D8A111D585ED00099BE78 /* XXERegisterSecondViewController.m in Sources */,
				9E6912F51D54341F0000E566 /* XXEStarImageViewController.m in Sources */,
				9E7D8A141D5872BE0099BE78 /* XXERegisterThreeViewController.m in Sources */,
				048754971D5C0BF200F680C5 /* XXEAccountManagerViewController.m in Sources */,
				9E4813841D504D0900C614AC /* main.m in Sources */,
				9E50F4571D5B449800FA6594 /* XXETool.m in Sources */,
				048F58931D5C967F002E4855 /* XXERedFlowerSentHistoryApi.m in Sources */,
				9EFDC8541D549DE1005556AF /* HyLoglnButton.m in Sources */,
				9E7D89FD1D5818F60099BE78 /* XXERegisterViewController.m in Sources */,
				048754A31D5C0BF200F680C5 /* XXEFlowerbasketModel.m in Sources */,
				9E50F3F91D5AC11300FA6594 /* XXEUserInfo.m in Sources */,
				9ED146FC1D597D420049D2AA /* WJCommboxView.m in Sources */,
				048754A51D5C0BF200F680C5 /* XXEAccountManagerTableViewCell.m in Sources */,
				9E50F4001D5B0E9700FA6594 /* XXEHomePageModel.m in Sources */,
			);
			runOnlyForDeploymentPostprocessing = 0;
		};
		9E4813941D504D0900C614AC /* Sources */ = {
			isa = PBXSourcesBuildPhase;
			buildActionMask = 2147483647;
			files = (
				9E48139D1D504D0900C614AC /* teacherTests.m in Sources */,
			);
			runOnlyForDeploymentPostprocessing = 0;
		};
		9E48139F1D504D0900C614AC /* Sources */ = {
			isa = PBXSourcesBuildPhase;
			buildActionMask = 2147483647;
			files = (
				9E4813A81D504D0900C614AC /* teacherUITests.m in Sources */,
			);
			runOnlyForDeploymentPostprocessing = 0;
		};
/* End PBXSourcesBuildPhase section */

/* Begin PBXTargetDependency section */
		9E48139A1D504D0900C614AC /* PBXTargetDependency */ = {
			isa = PBXTargetDependency;
			target = 9E48137E1D504D0900C614AC /* teacher */;
			targetProxy = 9E4813991D504D0900C614AC /* PBXContainerItemProxy */;
		};
		9E4813A51D504D0900C614AC /* PBXTargetDependency */ = {
			isa = PBXTargetDependency;
			target = 9E48137E1D504D0900C614AC /* teacher */;
			targetProxy = 9E4813A41D504D0900C614AC /* PBXContainerItemProxy */;
		};
/* End PBXTargetDependency section */

/* Begin PBXVariantGroup section */
		9E48138B1D504D0900C614AC /* Main.storyboard */ = {
			isa = PBXVariantGroup;
			children = (
				9E48138C1D504D0900C614AC /* Base */,
			);
			name = Main.storyboard;
			path = ..;
			sourceTree = "<group>";
		};
		9E4813901D504D0900C614AC /* LaunchScreen.storyboard */ = {
			isa = PBXVariantGroup;
			children = (
				9E4813911D504D0900C614AC /* Base */,
			);
			name = LaunchScreen.storyboard;
			path = ..;
			sourceTree = "<group>";
		};
/* End PBXVariantGroup section */

/* Begin XCBuildConfiguration section */
		9E4813AA1D504D0900C614AC /* Debug */ = {
			isa = XCBuildConfiguration;
			buildSettings = {
				ALWAYS_SEARCH_USER_PATHS = NO;
				CLANG_CXX_LANGUAGE_STANDARD = "gnu++0x";
				CLANG_CXX_LIBRARY = "libc++";
				CLANG_ENABLE_MODULES = YES;
				CLANG_ENABLE_OBJC_ARC = YES;
				CLANG_WARN_BOOL_CONVERSION = YES;
				CLANG_WARN_CONSTANT_CONVERSION = YES;
				CLANG_WARN_DIRECT_OBJC_ISA_USAGE = YES_ERROR;
				CLANG_WARN_EMPTY_BODY = YES;
				CLANG_WARN_ENUM_CONVERSION = YES;
				CLANG_WARN_INT_CONVERSION = YES;
				CLANG_WARN_OBJC_ROOT_CLASS = YES_ERROR;
				CLANG_WARN_UNREACHABLE_CODE = YES;
				CLANG_WARN__DUPLICATE_METHOD_MATCH = YES;
				"CODE_SIGN_IDENTITY[sdk=iphoneos*]" = "iPhone Developer";
				COPY_PHASE_STRIP = NO;
				DEBUG_INFORMATION_FORMAT = dwarf;
				ENABLE_STRICT_OBJC_MSGSEND = YES;
				ENABLE_TESTABILITY = YES;
				GCC_C_LANGUAGE_STANDARD = gnu99;
				GCC_DYNAMIC_NO_PIC = NO;
				GCC_NO_COMMON_BLOCKS = YES;
				GCC_OPTIMIZATION_LEVEL = 0;
				GCC_PREFIX_HEADER = /Users/codeding/teacher/teacher/teacher/Others/PrefixHeader.pch;
				GCC_PREPROCESSOR_DEFINITIONS = (
					"DEBUG=1",
					"$(inherited)",
				);
				GCC_WARN_64_TO_32_BIT_CONVERSION = YES;
				GCC_WARN_ABOUT_RETURN_TYPE = YES_ERROR;
				GCC_WARN_UNDECLARED_SELECTOR = YES;
				GCC_WARN_UNINITIALIZED_AUTOS = YES_AGGRESSIVE;
				GCC_WARN_UNUSED_FUNCTION = YES;
				GCC_WARN_UNUSED_VARIABLE = YES;
				IPHONEOS_DEPLOYMENT_TARGET = 9.2;
				MTL_ENABLE_DEBUG_INFO = YES;
				ONLY_ACTIVE_ARCH = YES;
				SDKROOT = iphoneos;
			};
			name = Debug;
		};
		9E4813AB1D504D0900C614AC /* Release */ = {
			isa = XCBuildConfiguration;
			buildSettings = {
				ALWAYS_SEARCH_USER_PATHS = NO;
				CLANG_CXX_LANGUAGE_STANDARD = "gnu++0x";
				CLANG_CXX_LIBRARY = "libc++";
				CLANG_ENABLE_MODULES = YES;
				CLANG_ENABLE_OBJC_ARC = YES;
				CLANG_WARN_BOOL_CONVERSION = YES;
				CLANG_WARN_CONSTANT_CONVERSION = YES;
				CLANG_WARN_DIRECT_OBJC_ISA_USAGE = YES_ERROR;
				CLANG_WARN_EMPTY_BODY = YES;
				CLANG_WARN_ENUM_CONVERSION = YES;
				CLANG_WARN_INT_CONVERSION = YES;
				CLANG_WARN_OBJC_ROOT_CLASS = YES_ERROR;
				CLANG_WARN_UNREACHABLE_CODE = YES;
				CLANG_WARN__DUPLICATE_METHOD_MATCH = YES;
				"CODE_SIGN_IDENTITY[sdk=iphoneos*]" = "iPhone Developer";
				COPY_PHASE_STRIP = NO;
				DEBUG_INFORMATION_FORMAT = "dwarf-with-dsym";
				ENABLE_NS_ASSERTIONS = NO;
				ENABLE_STRICT_OBJC_MSGSEND = YES;
				GCC_C_LANGUAGE_STANDARD = gnu99;
				GCC_NO_COMMON_BLOCKS = YES;
				GCC_PREFIX_HEADER = /Users/codeding/teacher/teacher/teacher/Others/PrefixHeader.pch;
				GCC_WARN_64_TO_32_BIT_CONVERSION = YES;
				GCC_WARN_ABOUT_RETURN_TYPE = YES_ERROR;
				GCC_WARN_UNDECLARED_SELECTOR = YES;
				GCC_WARN_UNINITIALIZED_AUTOS = YES_AGGRESSIVE;
				GCC_WARN_UNUSED_FUNCTION = YES;
				GCC_WARN_UNUSED_VARIABLE = YES;
				IPHONEOS_DEPLOYMENT_TARGET = 9.2;
				MTL_ENABLE_DEBUG_INFO = NO;
				SDKROOT = iphoneos;
				VALIDATE_PRODUCT = YES;
			};
			name = Release;
		};
		9E4813AD1D504D0900C614AC /* Debug */ = {
			isa = XCBuildConfiguration;
			baseConfigurationReference = 16EC2C4BB8E577B5CE2BABDD /* Pods-teacher.debug.xcconfig */;
			buildSettings = {
				ASSETCATALOG_COMPILER_APPICON_NAME = AppIcon;
				GCC_PREFIX_HEADER = /Users/mac/Desktop/Teacher_ios/teacher/Others/PrefixHeader.pch;
				INFOPLIST_FILE = teacher/Info.plist;
				IPHONEOS_DEPLOYMENT_TARGET = 8.0;
				LD_RUNPATH_SEARCH_PATHS = "$(inherited) @executable_path/Frameworks";
				PRODUCT_BUNDLE_IDENTIFIER = com.xingxingEdu.teacher;
				PRODUCT_NAME = "$(TARGET_NAME)";
			};
			name = Debug;
		};
		9E4813AE1D504D0900C614AC /* Release */ = {
			isa = XCBuildConfiguration;
			baseConfigurationReference = A4720165A20A1D3D5F5EE8D8 /* Pods-teacher.release.xcconfig */;
			buildSettings = {
				ASSETCATALOG_COMPILER_APPICON_NAME = AppIcon;
				GCC_PREFIX_HEADER = /Users/mac/Desktop/Teacher_ios/teacher/Others/PrefixHeader.pch;
				INFOPLIST_FILE = teacher/Info.plist;
				IPHONEOS_DEPLOYMENT_TARGET = 8.0;
				LD_RUNPATH_SEARCH_PATHS = "$(inherited) @executable_path/Frameworks";
				PRODUCT_BUNDLE_IDENTIFIER = com.xingxingEdu.teacher;
				PRODUCT_NAME = "$(TARGET_NAME)";
			};
			name = Release;
		};
		9E4813B01D504D0900C614AC /* Debug */ = {
			isa = XCBuildConfiguration;
			buildSettings = {
				BUNDLE_LOADER = "$(TEST_HOST)";
				INFOPLIST_FILE = teacherTests/Info.plist;
				LD_RUNPATH_SEARCH_PATHS = "$(inherited) @executable_path/Frameworks @loader_path/Frameworks";
				PRODUCT_BUNDLE_IDENTIFIER = com.xingxingEdu.teacherTests;
				PRODUCT_NAME = "$(TARGET_NAME)";
				TEST_HOST = "$(BUILT_PRODUCTS_DIR)/teacher.app/teacher";
			};
			name = Debug;
		};
		9E4813B11D504D0900C614AC /* Release */ = {
			isa = XCBuildConfiguration;
			buildSettings = {
				BUNDLE_LOADER = "$(TEST_HOST)";
				INFOPLIST_FILE = teacherTests/Info.plist;
				LD_RUNPATH_SEARCH_PATHS = "$(inherited) @executable_path/Frameworks @loader_path/Frameworks";
				PRODUCT_BUNDLE_IDENTIFIER = com.xingxingEdu.teacherTests;
				PRODUCT_NAME = "$(TARGET_NAME)";
				TEST_HOST = "$(BUILT_PRODUCTS_DIR)/teacher.app/teacher";
			};
			name = Release;
		};
		9E4813B31D504D0900C614AC /* Debug */ = {
			isa = XCBuildConfiguration;
			buildSettings = {
				INFOPLIST_FILE = teacherUITests/Info.plist;
				LD_RUNPATH_SEARCH_PATHS = "$(inherited) @executable_path/Frameworks @loader_path/Frameworks";
				PRODUCT_BUNDLE_IDENTIFIER = com.xingxingEdu.teacherUITests;
				PRODUCT_NAME = "$(TARGET_NAME)";
				TEST_TARGET_NAME = teacher;
				USES_XCTRUNNER = YES;
			};
			name = Debug;
		};
		9E4813B41D504D0900C614AC /* Release */ = {
			isa = XCBuildConfiguration;
			buildSettings = {
				INFOPLIST_FILE = teacherUITests/Info.plist;
				LD_RUNPATH_SEARCH_PATHS = "$(inherited) @executable_path/Frameworks @loader_path/Frameworks";
				PRODUCT_BUNDLE_IDENTIFIER = com.xingxingEdu.teacherUITests;
				PRODUCT_NAME = "$(TARGET_NAME)";
				TEST_TARGET_NAME = teacher;
				USES_XCTRUNNER = YES;
			};
			name = Release;
		};
/* End XCBuildConfiguration section */

/* Begin XCConfigurationList section */
		9E48137A1D504D0900C614AC /* Build configuration list for PBXProject "teacher" */ = {
			isa = XCConfigurationList;
			buildConfigurations = (
				9E4813AA1D504D0900C614AC /* Debug */,
				9E4813AB1D504D0900C614AC /* Release */,
			);
			defaultConfigurationIsVisible = 0;
			defaultConfigurationName = Release;
		};
		9E4813AC1D504D0900C614AC /* Build configuration list for PBXNativeTarget "teacher" */ = {
			isa = XCConfigurationList;
			buildConfigurations = (
				9E4813AD1D504D0900C614AC /* Debug */,
				9E4813AE1D504D0900C614AC /* Release */,
			);
			defaultConfigurationIsVisible = 0;
			defaultConfigurationName = Release;
		};
		9E4813AF1D504D0900C614AC /* Build configuration list for PBXNativeTarget "teacherTests" */ = {
			isa = XCConfigurationList;
			buildConfigurations = (
				9E4813B01D504D0900C614AC /* Debug */,
				9E4813B11D504D0900C614AC /* Release */,
			);
			defaultConfigurationIsVisible = 0;
			defaultConfigurationName = Release;
		};
		9E4813B21D504D0900C614AC /* Build configuration list for PBXNativeTarget "teacherUITests" */ = {
			isa = XCConfigurationList;
			buildConfigurations = (
				9E4813B31D504D0900C614AC /* Debug */,
				9E4813B41D504D0900C614AC /* Release */,
			);
			defaultConfigurationIsVisible = 0;
			defaultConfigurationName = Release;
		};
/* End XCConfigurationList section */
	};
	rootObject = 9E4813771D504D0900C614AC /* Project object */;
}
